
Microsoft Visual Studio Solution File, Format Version 12.00
# Visual Studio Version 17
VisualStudioVersion = 17.9.34728.123
MinimumVisualStudioVersion = 10.0.40219.1
Project("{9A19103F-16F7-4668-BE54-9A1E7A4F7556}") = "yandexcup.final.2024.2", "yandexcup.final.2024.2.csproj", "{34B6A370-9DF2-4929-9501-CCE3FB047476}"
EndProject
Global
	GlobalSection(SolutionConfigurationPlatforms) = preSolution
		Debug|Any CPU = Debug|Any CPU
		Release|Any CPU = Release|Any CPU
	EndGlobalSection
	GlobalSection(ProjectConfigurationPlatforms) = postSolution
		{34B6A370-9DF2-4929-9501-CCE3FB047476}.Debug|Any CPU.ActiveCfg = Debug|Any CPU
		{34B6A370-9DF2-4929-9501-CCE3FB047476}.Debug|Any CPU.Build.0 = Debug|Any CPU
		{34B6A370-9DF2-4929-9501-CCE3FB047476}.Release|Any CPU.ActiveCfg = Release|Any CPU
		{34B6A370-9DF2-4929-9501-CCE3FB047476}.Release|Any CPU.Build.0 = Release|Any CPU
	EndGlobalSection
	GlobalSection(SolutionProperties) = preSolution
		HideSolutionNode = FALSE
	EndGlobalSection
	GlobalSection(ExtensibilityGlobals) = postSolution
		SolutionGuid = {2D29A084-4455-4559-B22A-0FDEBEABE5D0}
	EndGlobalSection
EndGlobal
