
Microsoft Visual Studio Solution File, Format Version 12.00
# Visual Studio Version 17
VisualStudioVersion = 17.5.33530.505
MinimumVisualStudioVersion = 10.0.40219.1
Project("{9A19103F-16F7-4668-BE54-9A1E7A4F7556}") = "template", "template\template.csproj", "{422CF20F-8F97-45E4-93D2-A52B2ADB9371}"
EndProject
Project("{9A19103F-16F7-4668-BE54-9A1E7A4F7556}") = "subsetsum", "subsetsum\subsetsum.csproj", "{671355D4-860A-4C1E-A823-5E38BBF4162A}"
EndProject
Project("{9A19103F-16F7-4668-BE54-9A1E7A4F7556}") = "artcritics", "artcritics\artcritics.csproj", "{922D7BDB-EA19-41BD-B394-BDAAB78A281D}"
EndProject
Project("{9A19103F-16F7-4668-BE54-9A1E7A4F7556}") = "diff-matrix", "diff-matrix\diff-matrix.csproj", "{9F3B8190-48DA-4D92-B0F7-936A12FF0DEA}"
EndProject
Project("{9A19103F-16F7-4668-BE54-9A1E7A4F7556}") = "tinkoff.a.calculate-tariff", "tinkoff.a.calculate-tariff\tinkoff.a.calculate-tariff.csproj", "{EBC389FC-B1A0-46C3-9627-B1C9B272C141}"
EndProject
Project("{9A19103F-16F7-4668-BE54-9A1E7A4F7556}") = "tinkoff.b.min-moves", "tinkoff.b.min-moves\tinkoff.b.min-moves.csproj", "{1F46D806-784B-4337-AA2A-34C2BEEB4007}"
EndProject
Project("{9A19103F-16F7-4668-BE54-9A1E7A4F7556}") = "tinkoff.c.min-stair", "tinkoff.c.min-stair\tinkoff.c.min-stair.csproj", "{605B7ED4-F2F7-42AB-AE6B-A27B829DEAF2}"
EndProject
Project("{9A19103F-16F7-4668-BE54-9A1E7A4F7556}") = "tinkoff.d.max-sum", "tinkoff.d.max-sum\tinkoff.d.max-sum.csproj", "{667FED85-530B-4ED2-BDE9-FCDC6688AB12}"
EndProject
Project("{9A19103F-16F7-4668-BE54-9A1E7A4F7556}") = "tinkoff.e.count-digits", "tinkoff.e.count-digits\tinkoff.e.count-digits.csproj", "{2A9E0029-8618-4B66-83A3-D667AF93456F}"
EndProject
Project("{9A19103F-16F7-4668-BE54-9A1E7A4F7556}") = "tinkoff.f.even-pair", "tinkoff.f.even-pair\tinkoff.f.even-pair.csproj", "{EB9B1EE7-3AEA-48DA-A539-213F35DB2AAA}"
EndProject
Project("{9A19103F-16F7-4668-BE54-9A1E7A4F7556}") = "tinkoff.1", "tinkoff.1\tinkoff.1.csproj", "{953270D7-7874-467B-95C0-4FE730C3613A}"
EndProject
Project("{9A19103F-16F7-4668-BE54-9A1E7A4F7556}") = "tinkoff.2", "tinkoff.2\tinkoff.2.csproj", "{4D69ACC6-3D36-4829-938A-2C5D16E4BA05}"
EndProject
Project("{9A19103F-16F7-4668-BE54-9A1E7A4F7556}") = "tinkoff.3", "tinkoff.3\tinkoff.3.csproj", "{777C514B-A35F-4DA3-B999-5F291402DBBA}"
EndProject
Project("{9A19103F-16F7-4668-BE54-9A1E7A4F7556}") = "tinkoff.4", "tinkoff.4\tinkoff.4.csproj", "{F6155289-642A-48C1-B1C0-B24D3A76B340}"
EndProject
Project("{9A19103F-16F7-4668-BE54-9A1E7A4F7556}") = "tinkoff.5", "tinkoff.5\tinkoff.5.csproj", "{FB619376-09F9-4CF6-8551-9AC9A354BFBD}"
EndProject
Project("{2150E333-8FDC-42A3-9474-1A3956D46DE8}") = "Solution Items", "Solution Items", "{DDB5FDD8-7332-4C1B-A7AD-FB15252DBF91}"
	ProjectSection(SolutionItems) = preProject
		create-new-project-from-template.sh = create-new-project-from-template.sh
		README-ru.MD = README-ru.MD
		README.MD = README.MD
	EndProjectSection
EndProject
Project("{9A19103F-16F7-4668-BE54-9A1E7A4F7556}") = "infected-bynary-tree", "infected-bynary-tree\infected-bynary-tree.csproj", "{05391748-E90C-4679-BE09-3B6A6BDCE992}"
EndProject
Project("{9A19103F-16F7-4668-BE54-9A1E7A4F7556}") = "min-steps-str2str", "min-steps-str2str\min-steps-str2str.csproj", "{A0D9AB62-41BC-4675-84D3-59ACC5991138}"
EndProject
Project("{9A19103F-16F7-4668-BE54-9A1E7A4F7556}") = "tinkoff-tariff", "tinkoff-tariff\tinkoff-tariff.csproj", "{1041260D-FE6A-4AED-AF1B-3B2A05388324}"
EndProject
Project("{9A19103F-16F7-4668-BE54-9A1E7A4F7556}") = "tree-palindromic-path", "tree-palindromic-path\tree-palindromic-path.csproj", "{A79A0B4A-CD40-47FC-BA1F-ACF975D9E41F}"
EndProject
Project("{9A19103F-16F7-4668-BE54-9A1E7A4F7556}") = "tinkoff-ds-1", "tinkoff-ds-1\tinkoff-ds-1.csproj", "{A6DE57AC-CBE2-42E9-AA15-C7DB90C26B3F}"
EndProject
Project("{9A19103F-16F7-4668-BE54-9A1E7A4F7556}") = "tinkoff-ds-2", "tinkoff-ds-2\tinkoff-ds-2.csproj", "{D7968A77-7187-4B7E-95E1-F2B1E9F29CC2}"
EndProject
Project("{9A19103F-16F7-4668-BE54-9A1E7A4F7556}") = "tinkoff-ds-3", "tinkoff-ds-3\tinkoff-ds-3.csproj", "{CC66A49D-407F-43E9-90EE-DBCE2139CC54}"
EndProject
Project("{9A19103F-16F7-4668-BE54-9A1E7A4F7556}") = "tinkoff-ds-4", "tinkoff-ds-4\tinkoff-ds-4.csproj", "{09E98D12-CB3F-4FF2-AF9B-700E56B85D61}"
EndProject
Project("{9A19103F-16F7-4668-BE54-9A1E7A4F7556}") = "tinkoff-ds-5", "tinkoff-ds-5\tinkoff-ds-5.csproj", "{E6CB45C0-FCA7-4747-8350-9BC6B68DFC15}"
EndProject
Project("{9A19103F-16F7-4668-BE54-9A1E7A4F7556}") = "max-subset-sq", "max-subset-sq\max-subset-sq.csproj", "{BDB2B558-7DD1-42A9-8AF4-1192435A3D91}"
EndProject
Global
	GlobalSection(SolutionConfigurationPlatforms) = preSolution
		Debug|Any CPU = Debug|Any CPU
		Release|Any CPU = Release|Any CPU
	EndGlobalSection
	GlobalSection(ProjectConfigurationPlatforms) = postSolution
		{422CF20F-8F97-45E4-93D2-A52B2ADB9371}.Debug|Any CPU.ActiveCfg = Debug|Any CPU
		{422CF20F-8F97-45E4-93D2-A52B2ADB9371}.Debug|Any CPU.Build.0 = Debug|Any CPU
		{422CF20F-8F97-45E4-93D2-A52B2ADB9371}.Release|Any CPU.ActiveCfg = Release|Any CPU
		{422CF20F-8F97-45E4-93D2-A52B2ADB9371}.Release|Any CPU.Build.0 = Release|Any CPU
		{671355D4-860A-4C1E-A823-5E38BBF4162A}.Debug|Any CPU.ActiveCfg = Debug|Any CPU
		{671355D4-860A-4C1E-A823-5E38BBF4162A}.Debug|Any CPU.Build.0 = Debug|Any CPU
		{671355D4-860A-4C1E-A823-5E38BBF4162A}.Release|Any CPU.ActiveCfg = Release|Any CPU
		{671355D4-860A-4C1E-A823-5E38BBF4162A}.Release|Any CPU.Build.0 = Release|Any CPU
		{922D7BDB-EA19-41BD-B394-BDAAB78A281D}.Debug|Any CPU.ActiveCfg = Debug|Any CPU
		{922D7BDB-EA19-41BD-B394-BDAAB78A281D}.Debug|Any CPU.Build.0 = Debug|Any CPU
		{922D7BDB-EA19-41BD-B394-BDAAB78A281D}.Release|Any CPU.ActiveCfg = Release|Any CPU
		{922D7BDB-EA19-41BD-B394-BDAAB78A281D}.Release|Any CPU.Build.0 = Release|Any CPU
		{9F3B8190-48DA-4D92-B0F7-936A12FF0DEA}.Debug|Any CPU.ActiveCfg = Debug|Any CPU
		{9F3B8190-48DA-4D92-B0F7-936A12FF0DEA}.Debug|Any CPU.Build.0 = Debug|Any CPU
		{9F3B8190-48DA-4D92-B0F7-936A12FF0DEA}.Release|Any CPU.ActiveCfg = Release|Any CPU
		{9F3B8190-48DA-4D92-B0F7-936A12FF0DEA}.Release|Any CPU.Build.0 = Release|Any CPU
		{EBC389FC-B1A0-46C3-9627-B1C9B272C141}.Debug|Any CPU.ActiveCfg = Debug|Any CPU
		{EBC389FC-B1A0-46C3-9627-B1C9B272C141}.Debug|Any CPU.Build.0 = Debug|Any CPU
		{EBC389FC-B1A0-46C3-9627-B1C9B272C141}.Release|Any CPU.ActiveCfg = Release|Any CPU
		{EBC389FC-B1A0-46C3-9627-B1C9B272C141}.Release|Any CPU.Build.0 = Release|Any CPU
		{1F46D806-784B-4337-AA2A-34C2BEEB4007}.Debug|Any CPU.ActiveCfg = Debug|Any CPU
		{1F46D806-784B-4337-AA2A-34C2BEEB4007}.Debug|Any CPU.Build.0 = Debug|Any CPU
		{1F46D806-784B-4337-AA2A-34C2BEEB4007}.Release|Any CPU.ActiveCfg = Release|Any CPU
		{1F46D806-784B-4337-AA2A-34C2BEEB4007}.Release|Any CPU.Build.0 = Release|Any CPU
		{605B7ED4-F2F7-42AB-AE6B-A27B829DEAF2}.Debug|Any CPU.ActiveCfg = Debug|Any CPU
		{605B7ED4-F2F7-42AB-AE6B-A27B829DEAF2}.Debug|Any CPU.Build.0 = Debug|Any CPU
		{605B7ED4-F2F7-42AB-AE6B-A27B829DEAF2}.Release|Any CPU.ActiveCfg = Release|Any CPU
		{605B7ED4-F2F7-42AB-AE6B-A27B829DEAF2}.Release|Any CPU.Build.0 = Release|Any CPU
		{667FED85-530B-4ED2-BDE9-FCDC6688AB12}.Debug|Any CPU.ActiveCfg = Debug|Any CPU
		{667FED85-530B-4ED2-BDE9-FCDC6688AB12}.Debug|Any CPU.Build.0 = Debug|Any CPU
		{667FED85-530B-4ED2-BDE9-FCDC6688AB12}.Release|Any CPU.ActiveCfg = Release|Any CPU
		{667FED85-530B-4ED2-BDE9-FCDC6688AB12}.Release|Any CPU.Build.0 = Release|Any CPU
		{2A9E0029-8618-4B66-83A3-D667AF93456F}.Debug|Any CPU.ActiveCfg = Debug|Any CPU
		{2A9E0029-8618-4B66-83A3-D667AF93456F}.Debug|Any CPU.Build.0 = Debug|Any CPU
		{2A9E0029-8618-4B66-83A3-D667AF93456F}.Release|Any CPU.ActiveCfg = Release|Any CPU
		{2A9E0029-8618-4B66-83A3-D667AF93456F}.Release|Any CPU.Build.0 = Release|Any CPU
		{EB9B1EE7-3AEA-48DA-A539-213F35DB2AAA}.Debug|Any CPU.ActiveCfg = Debug|Any CPU
		{EB9B1EE7-3AEA-48DA-A539-213F35DB2AAA}.Debug|Any CPU.Build.0 = Debug|Any CPU
		{EB9B1EE7-3AEA-48DA-A539-213F35DB2AAA}.Release|Any CPU.ActiveCfg = Release|Any CPU
		{EB9B1EE7-3AEA-48DA-A539-213F35DB2AAA}.Release|Any CPU.Build.0 = Release|Any CPU
		{953270D7-7874-467B-95C0-4FE730C3613A}.Debug|Any CPU.ActiveCfg = Debug|Any CPU
		{953270D7-7874-467B-95C0-4FE730C3613A}.Debug|Any CPU.Build.0 = Debug|Any CPU
		{953270D7-7874-467B-95C0-4FE730C3613A}.Release|Any CPU.ActiveCfg = Release|Any CPU
		{953270D7-7874-467B-95C0-4FE730C3613A}.Release|Any CPU.Build.0 = Release|Any CPU
		{4D69ACC6-3D36-4829-938A-2C5D16E4BA05}.Debug|Any CPU.ActiveCfg = Debug|Any CPU
		{4D69ACC6-3D36-4829-938A-2C5D16E4BA05}.Debug|Any CPU.Build.0 = Debug|Any CPU
		{4D69ACC6-3D36-4829-938A-2C5D16E4BA05}.Release|Any CPU.ActiveCfg = Release|Any CPU
		{4D69ACC6-3D36-4829-938A-2C5D16E4BA05}.Release|Any CPU.Build.0 = Release|Any CPU
		{777C514B-A35F-4DA3-B999-5F291402DBBA}.Debug|Any CPU.ActiveCfg = Debug|Any CPU
		{777C514B-A35F-4DA3-B999-5F291402DBBA}.Debug|Any CPU.Build.0 = Debug|Any CPU
		{777C514B-A35F-4DA3-B999-5F291402DBBA}.Release|Any CPU.ActiveCfg = Release|Any CPU
		{777C514B-A35F-4DA3-B999-5F291402DBBA}.Release|Any CPU.Build.0 = Release|Any CPU
		{F6155289-642A-48C1-B1C0-B24D3A76B340}.Debug|Any CPU.ActiveCfg = Debug|Any CPU
		{F6155289-642A-48C1-B1C0-B24D3A76B340}.Debug|Any CPU.Build.0 = Debug|Any CPU
		{F6155289-642A-48C1-B1C0-B24D3A76B340}.Release|Any CPU.ActiveCfg = Release|Any CPU
		{F6155289-642A-48C1-B1C0-B24D3A76B340}.Release|Any CPU.Build.0 = Release|Any CPU
		{FB619376-09F9-4CF6-8551-9AC9A354BFBD}.Debug|Any CPU.ActiveCfg = Debug|Any CPU
		{FB619376-09F9-4CF6-8551-9AC9A354BFBD}.Debug|Any CPU.Build.0 = Debug|Any CPU
		{FB619376-09F9-4CF6-8551-9AC9A354BFBD}.Release|Any CPU.ActiveCfg = Release|Any CPU
		{FB619376-09F9-4CF6-8551-9AC9A354BFBD}.Release|Any CPU.Build.0 = Release|Any CPU
		{05391748-E90C-4679-BE09-3B6A6BDCE992}.Debug|Any CPU.ActiveCfg = Debug|Any CPU
		{05391748-E90C-4679-BE09-3B6A6BDCE992}.Debug|Any CPU.Build.0 = Debug|Any CPU
		{05391748-E90C-4679-BE09-3B6A6BDCE992}.Release|Any CPU.ActiveCfg = Release|Any CPU
		{05391748-E90C-4679-BE09-3B6A6BDCE992}.Release|Any CPU.Build.0 = Release|Any CPU
		{A0D9AB62-41BC-4675-84D3-59ACC5991138}.Debug|Any CPU.ActiveCfg = Debug|Any CPU
		{A0D9AB62-41BC-4675-84D3-59ACC5991138}.Debug|Any CPU.Build.0 = Debug|Any CPU
		{A0D9AB62-41BC-4675-84D3-59ACC5991138}.Release|Any CPU.ActiveCfg = Release|Any CPU
		{A0D9AB62-41BC-4675-84D3-59ACC5991138}.Release|Any CPU.Build.0 = Release|Any CPU
		{1041260D-FE6A-4AED-AF1B-3B2A05388324}.Debug|Any CPU.ActiveCfg = Debug|Any CPU
		{1041260D-FE6A-4AED-AF1B-3B2A05388324}.Debug|Any CPU.Build.0 = Debug|Any CPU
		{1041260D-FE6A-4AED-AF1B-3B2A05388324}.Release|Any CPU.ActiveCfg = Release|Any CPU
		{1041260D-FE6A-4AED-AF1B-3B2A05388324}.Release|Any CPU.Build.0 = Release|Any CPU
		{A79A0B4A-CD40-47FC-BA1F-ACF975D9E41F}.Debug|Any CPU.ActiveCfg = Debug|Any CPU
		{A79A0B4A-CD40-47FC-BA1F-ACF975D9E41F}.Debug|Any CPU.Build.0 = Debug|Any CPU
		{A79A0B4A-CD40-47FC-BA1F-ACF975D9E41F}.Release|Any CPU.ActiveCfg = Release|Any CPU
		{A79A0B4A-CD40-47FC-BA1F-ACF975D9E41F}.Release|Any CPU.Build.0 = Release|Any CPU
		{A6DE57AC-CBE2-42E9-AA15-C7DB90C26B3F}.Debug|Any CPU.ActiveCfg = Debug|Any CPU
		{A6DE57AC-CBE2-42E9-AA15-C7DB90C26B3F}.Debug|Any CPU.Build.0 = Debug|Any CPU
		{A6DE57AC-CBE2-42E9-AA15-C7DB90C26B3F}.Release|Any CPU.ActiveCfg = Release|Any CPU
		{A6DE57AC-CBE2-42E9-AA15-C7DB90C26B3F}.Release|Any CPU.Build.0 = Release|Any CPU
		{D7968A77-7187-4B7E-95E1-F2B1E9F29CC2}.Debug|Any CPU.ActiveCfg = Debug|Any CPU
		{D7968A77-7187-4B7E-95E1-F2B1E9F29CC2}.Debug|Any CPU.Build.0 = Debug|Any CPU
		{D7968A77-7187-4B7E-95E1-F2B1E9F29CC2}.Release|Any CPU.ActiveCfg = Release|Any CPU
		{D7968A77-7187-4B7E-95E1-F2B1E9F29CC2}.Release|Any CPU.Build.0 = Release|Any CPU
		{CC66A49D-407F-43E9-90EE-DBCE2139CC54}.Debug|Any CPU.ActiveCfg = Debug|Any CPU
		{CC66A49D-407F-43E9-90EE-DBCE2139CC54}.Debug|Any CPU.Build.0 = Debug|Any CPU
		{CC66A49D-407F-43E9-90EE-DBCE2139CC54}.Release|Any CPU.ActiveCfg = Release|Any CPU
		{CC66A49D-407F-43E9-90EE-DBCE2139CC54}.Release|Any CPU.Build.0 = Release|Any CPU
		{09E98D12-CB3F-4FF2-AF9B-700E56B85D61}.Debug|Any CPU.ActiveCfg = Debug|Any CPU
		{09E98D12-CB3F-4FF2-AF9B-700E56B85D61}.Debug|Any CPU.Build.0 = Debug|Any CPU
		{09E98D12-CB3F-4FF2-AF9B-700E56B85D61}.Release|Any CPU.ActiveCfg = Release|Any CPU
		{09E98D12-CB3F-4FF2-AF9B-700E56B85D61}.Release|Any CPU.Build.0 = Release|Any CPU
		{E6CB45C0-FCA7-4747-8350-9BC6B68DFC15}.Debug|Any CPU.ActiveCfg = Debug|Any CPU
		{E6CB45C0-FCA7-4747-8350-9BC6B68DFC15}.Debug|Any CPU.Build.0 = Debug|Any CPU
		{E6CB45C0-FCA7-4747-8350-9BC6B68DFC15}.Release|Any CPU.ActiveCfg = Release|Any CPU
		{E6CB45C0-FCA7-4747-8350-9BC6B68DFC15}.Release|Any CPU.Build.0 = Release|Any CPU
		{BDB2B558-7DD1-42A9-8AF4-1192435A3D91}.Debug|Any CPU.ActiveCfg = Debug|Any CPU
		{BDB2B558-7DD1-42A9-8AF4-1192435A3D91}.Debug|Any CPU.Build.0 = Debug|Any CPU
		{BDB2B558-7DD1-42A9-8AF4-1192435A3D91}.Release|Any CPU.ActiveCfg = Release|Any CPU
		{BDB2B558-7DD1-42A9-8AF4-1192435A3D91}.Release|Any CPU.Build.0 = Release|Any CPU
	EndGlobalSection
	GlobalSection(SolutionProperties) = preSolution
		HideSolutionNode = FALSE
	EndGlobalSection
	GlobalSection(ExtensibilityGlobals) = postSolution
		SolutionGuid = {04AA3AC1-72B0-4BDC-8311-1841D074ED83}
	EndGlobalSection
EndGlobal
