
Microsoft Visual Studio Solution File, Format Version 12.00
# Visual Studio Version 17
VisualStudioVersion = 17.5.33530.505
MinimumVisualStudioVersion = 10.0.40219.1
Project("{9A19103F-16F7-4668-BE54-9A1E7A4F7556}") = "a", "a\a.csproj", "{9DBBA8AF-CEEA-43F0-89AB-E665EF83FE0B}"
EndProject
Project("{9A19103F-16F7-4668-BE54-9A1E7A4F7556}") = "b", "b\b.csproj", "{3E0ECCE3-F4C5-4552-8BFA-6A10E562429D}"
EndProject
Global
	GlobalSection(SolutionConfigurationPlatforms) = preSolution
		Debug|Any CPU = Debug|Any CPU
		Release|Any CPU = Release|Any CPU
	EndGlobalSection
	GlobalSection(ProjectConfigurationPlatforms) = postSolution
		{9DBBA8AF-CEEA-43F0-89AB-E665EF83FE0B}.Debug|Any CPU.ActiveCfg = Debug|Any CPU
		{9DBBA8AF-CEEA-43F0-89AB-E665EF83FE0B}.Debug|Any CPU.Build.0 = Debug|Any CPU
		{9DBBA8AF-CEEA-43F0-89AB-E665EF83FE0B}.Release|Any CPU.ActiveCfg = Release|Any CPU
		{9DBBA8AF-CEEA-43F0-89AB-E665EF83FE0B}.Release|Any CPU.Build.0 = Release|Any CPU
		{3E0ECCE3-F4C5-4552-8BFA-6A10E562429D}.Debug|Any CPU.ActiveCfg = Debug|Any CPU
		{3E0ECCE3-F4C5-4552-8BFA-6A10E562429D}.Debug|Any CPU.Build.0 = Debug|Any CPU
		{3E0ECCE3-F4C5-4552-8BFA-6A10E562429D}.Release|Any CPU.ActiveCfg = Release|Any CPU
		{3E0ECCE3-F4C5-4552-8BFA-6A10E562429D}.Release|Any CPU.Build.0 = Release|Any CPU
	EndGlobalSection
	GlobalSection(SolutionProperties) = preSolution
		HideSolutionNode = FALSE
	EndGlobalSection
	GlobalSection(ExtensibilityGlobals) = postSolution
		SolutionGuid = {04AA3AC1-72B0-4BDC-8311-1841D074ED83}
	EndGlobalSection
EndGlobal
