
Microsoft Visual Studio Solution File, Format Version 12.00
# Visual Studio Version 17
VisualStudioVersion = 17.5.33530.505
MinimumVisualStudioVersion = 10.0.40219.1
Project("{9A19103F-16F7-4668-BE54-9A1E7A4F7556}") = "template", "template\template.csproj", "{422CF20F-8F97-45E4-93D2-A52B2ADB9371}"
EndProject
Project("{9A19103F-16F7-4668-BE54-9A1E7A4F7556}") = "subsetsum", "subsetsum\subsetsum.csproj", "{671355D4-860A-4C1E-A823-5E38BBF4162A}"
EndProject
Project("{9A19103F-16F7-4668-BE54-9A1E7A4F7556}") = "artcritics", "artcritics\artcritics.csproj", "{922D7BDB-EA19-41BD-B394-BDAAB78A281D}"
EndProject
Project("{9A19103F-16F7-4668-BE54-9A1E7A4F7556}") = "diff-matrix", "diff-matrix\diff-matrix.csproj", "{9F3B8190-48DA-4D92-B0F7-936A12FF0DEA}"
EndProject
Project("{9A19103F-16F7-4668-BE54-9A1E7A4F7556}") = "tinkoff.a.calculate-tariff", "tinkoff.a.calculate-tariff\tinkoff.a.calculate-tariff.csproj", "{EBC389FC-B1A0-46C3-9627-B1C9B272C141}"
EndProject
Project("{9A19103F-16F7-4668-BE54-9A1E7A4F7556}") = "tinkoff.b.min-moves", "tinkoff.b.min-moves\tinkoff.b.min-moves.csproj", "{1F46D806-784B-4337-AA2A-34C2BEEB4007}"
EndProject
Project("{9A19103F-16F7-4668-BE54-9A1E7A4F7556}") = "tinkoff.c.min-stair", "tinkoff.c.min-stair\tinkoff.c.min-stair.csproj", "{605B7ED4-F2F7-42AB-AE6B-A27B829DEAF2}"
EndProject
Project("{9A19103F-16F7-4668-BE54-9A1E7A4F7556}") = "tinkoff.d.max-sum", "tinkoff.d.max-sum\tinkoff.d.max-sum.csproj", "{667FED85-530B-4ED2-BDE9-FCDC6688AB12}"
EndProject
Project("{9A19103F-16F7-4668-BE54-9A1E7A4F7556}") = "tinkoff.e.count-digits", "tinkoff.e.count-digits\tinkoff.e.count-digits.csproj", "{2A9E0029-8618-4B66-83A3-D667AF93456F}"
EndProject
Project("{9A19103F-16F7-4668-BE54-9A1E7A4F7556}") = "tinkoff.f.even-pair", "tinkoff.f.even-pair\tinkoff.f.even-pair.csproj", "{EB9B1EE7-3AEA-48DA-A539-213F35DB2AAA}"
EndProject
Project("{9A19103F-16F7-4668-BE54-9A1E7A4F7556}") = "tinkoff.1", "tinkoff.1\tinkoff.1.csproj", "{953270D7-7874-467B-95C0-4FE730C3613A}"
EndProject
Project("{9A19103F-16F7-4668-BE54-9A1E7A4F7556}") = "tinkoff.2", "tinkoff.2\tinkoff.2.csproj", "{4D69ACC6-3D36-4829-938A-2C5D16E4BA05}"
EndProject
Project("{9A19103F-16F7-4668-BE54-9A1E7A4F7556}") = "tinkoff.3", "tinkoff.3\tinkoff.3.csproj", "{777C514B-A35F-4DA3-B999-5F291402DBBA}"
EndProject
Project("{9A19103F-16F7-4668-BE54-9A1E7A4F7556}") = "tinkoff.4", "tinkoff.4\tinkoff.4.csproj", "{F6155289-642A-48C1-B1C0-B24D3A76B340}"
EndProject
Project("{9A19103F-16F7-4668-BE54-9A1E7A4F7556}") = "tinkoff.5", "tinkoff.5\tinkoff.5.csproj", "{FB619376-09F9-4CF6-8551-9AC9A354BFBD}"
EndProject
Project("{2150E333-8FDC-42A3-9474-1A3956D46DE8}") = "Solution Items", "Solution Items", "{DDB5FDD8-7332-4C1B-A7AD-FB15252DBF91}"
	ProjectSection(SolutionItems) = preProject
		create-new-project-from-template.sh = create-new-project-from-template.sh
		README-ru.MD = README-ru.MD
		README.MD = README.MD
	EndProjectSection
EndProject
Project("{9A19103F-16F7-4668-BE54-9A1E7A4F7556}") = "infected-bynary-tree", "infected-bynary-tree\infected-bynary-tree.csproj", "{05391748-E90C-4679-BE09-3B6A6BDCE992}"
EndProject
Project("{9A19103F-16F7-4668-BE54-9A1E7A4F7556}") = "min-steps-str2str", "min-steps-str2str\min-steps-str2str.csproj", "{A0D9AB62-41BC-4675-84D3-59ACC5991138}"
EndProject
Project("{9A19103F-16F7-4668-BE54-9A1E7A4F7556}") = "tinkoff-tariff", "tinkoff-tariff\tinkoff-tariff.csproj", "{1041260D-FE6A-4AED-AF1B-3B2A05388324}"
EndProject
Project("{9A19103F-16F7-4668-BE54-9A1E7A4F7556}") = "tree-palindromic-path", "tree-palindromic-path\tree-palindromic-path.csproj", "{A79A0B4A-CD40-47FC-BA1F-ACF975D9E41F}"
EndProject
Project("{9A19103F-16F7-4668-BE54-9A1E7A4F7556}") = "tinkoff-ds-1", "tinkoff-ds-1\tinkoff-ds-1.csproj", "{A6DE57AC-CBE2-42E9-AA15-C7DB90C26B3F}"
EndProject
Project("{9A19103F-16F7-4668-BE54-9A1E7A4F7556}") = "tinkoff-ds-2", "tinkoff-ds-2\tinkoff-ds-2.csproj", "{D7968A77-7187-4B7E-95E1-F2B1E9F29CC2}"
EndProject
Project("{9A19103F-16F7-4668-BE54-9A1E7A4F7556}") = "tinkoff-ds-3", "tinkoff-ds-3\tinkoff-ds-3.csproj", "{CC66A49D-407F-43E9-90EE-DBCE2139CC54}"
EndProject
Project("{9A19103F-16F7-4668-BE54-9A1E7A4F7556}") = "tinkoff-ds-4", "tinkoff-ds-4\tinkoff-ds-4.csproj", "{09E98D12-CB3F-4FF2-AF9B-700E56B85D61}"
EndProject
Project("{9A19103F-16F7-4668-BE54-9A1E7A4F7556}") = "tinkoff-ds-5", "tinkoff-ds-5\tinkoff-ds-5.csproj", "{E6CB45C0-FCA7-4747-8350-9BC6B68DFC15}"
EndProject
Project("{9A19103F-16F7-4668-BE54-9A1E7A4F7556}") = "max-subset-sq", "max-subset-sq\max-subset-sq.csproj", "{BDB2B558-7DD1-42A9-8AF4-1192435A3D91}"
EndProject
Project("{9A19103F-16F7-4668-BE54-9A1E7A4F7556}") = "spiral", "spiral\spiral.csproj", "{4864D12A-6E4D-4E85-A09D-7164A8DBC1A3}"
EndProject
Project("{9A19103F-16F7-4668-BE54-9A1E7A4F7556}") = "csharp.closure", "csharp.closure\csharp.closure.csproj", "{37E85D67-343E-473B-AF8A-BC3A06CAC4A1}"
EndProject
Project("{9A19103F-16F7-4668-BE54-9A1E7A4F7556}") = "csharp.avoid-finally", "csharp.avoid-finally\csharp.avoid-finally.csproj", "{B2126DA9-64E8-4849-A0BA-D4642F4E23EA}"
EndProject
Project("{9A19103F-16F7-4668-BE54-9A1E7A4F7556}") = "bignumbersum", "bignumbersum\bignumbersum.csproj", "{4C74E7FC-B4D9-4493-99F9-3A1A575DF958}"
EndProject
Project("{9A19103F-16F7-4668-BE54-9A1E7A4F7556}") = "dp.backpack", "dp.backpack\dp.backpack.csproj", "{0D714DE3-0A40-4BF3-B768-739EE543075D}"
EndProject
Project("{9A19103F-16F7-4668-BE54-9A1E7A4F7556}") = "bitcount", "bitcount\bitcount.csproj", "{C6FAF285-A785-4B13-AA23-871660C3CF79}"
EndProject
Project("{9A19103F-16F7-4668-BE54-9A1E7A4F7556}") = "bitsort", "bitsort\bitsort.csproj", "{84FCAA86-C767-4713-8F8E-73691F5C4D72}"
EndProject
Project("{9A19103F-16F7-4668-BE54-9A1E7A4F7556}") = "dp.coinscombinations", "dp.coinscombinations\dp.coinscombinations.csproj", "{DD68865D-911C-4B44-8791-AF36D8235FED}"
EndProject
Project("{9A19103F-16F7-4668-BE54-9A1E7A4F7556}") = "chesssquare", "chesssquare\chesssquare.csproj", "{71675636-CDCA-4E45-9CC0-F019F82D0D01}"
EndProject
Project("{9A19103F-16F7-4668-BE54-9A1E7A4F7556}") = "csharp.binarythree", "csharp.binarythree\csharp.binarythree.csproj", "{C2A6D291-EA97-4630-87E0-229715205694}"
EndProject
Project("{9A19103F-16F7-4668-BE54-9A1E7A4F7556}") = "csharp.inheritance", "csharp.inheritance\csharp.inheritance.csproj", "{976E1D4D-6B5F-4C6D-8387-94B729186714}"
EndProject
Project("{9A19103F-16F7-4668-BE54-9A1E7A4F7556}") = "csharp.MSIL.Method", "csharp.MSIL.Method\csharp.MSIL.Method.csproj", "{967E0BB6-B020-4D0D-9003-3DC5C42FC662}"
EndProject
Project("{9A19103F-16F7-4668-BE54-9A1E7A4F7556}") = "csharp.sequenceofexecution", "csharp.sequenceofexecution\csharp.sequenceofexecution.csproj", "{A4152D75-722C-4DB6-9F9B-7CC8883C1FB1}"
EndProject
Project("{9A19103F-16F7-4668-BE54-9A1E7A4F7556}") = "csharp.virtualoverride", "csharp.virtualoverride\csharp.virtualoverride.csproj", "{7AD36CC6-CF2F-4274-A298-A23A2CC42CAE}"
EndProject
Project("{9A19103F-16F7-4668-BE54-9A1E7A4F7556}") = "csharp.weakevent", "csharp.weakevent\csharp.weakevent.csproj", "{E1F74672-7C13-413A-A7EF-92683434F9A9}"
EndProject
Project("{9A19103F-16F7-4668-BE54-9A1E7A4F7556}") = "cubesum", "cubesum\cubesum.csproj", "{D6E01843-23BE-4EDE-927D-63A00FD0D2FF}"
EndProject
Project("{9A19103F-16F7-4668-BE54-9A1E7A4F7556}") = "dayofweek", "dayofweek\dayofweek.csproj", "{FD993CD9-00D2-4994-9E43-76D2BEAF2430}"
EndProject
Project("{9A19103F-16F7-4668-BE54-9A1E7A4F7556}") = "decodemorse", "decodemorse\decodemorse.csproj", "{1F16CAC6-1DA3-4D19-9601-EE17E9AD0E93}"
EndProject
Project("{9A19103F-16F7-4668-BE54-9A1E7A4F7556}") = "decodemorsev1", "decodemorsev1\decodemorsev1.csproj", "{DA96500E-B729-42D8-AAD9-0D1144232610}"
EndProject
Project("{9A19103F-16F7-4668-BE54-9A1E7A4F7556}") = "dp.fibbonacci", "dp.fibbonacci\dp.fibbonacci.csproj", "{EE6607A3-8817-4824-B2E7-508E7FA43052}"
EndProject
Project("{9A19103F-16F7-4668-BE54-9A1E7A4F7556}") = "dp.heightandegg", "dp.heightandegg\dp.heightandegg.csproj", "{60119C6F-873B-47C7-A927-0A476AC6A55F}"
EndProject
Project("{9A19103F-16F7-4668-BE54-9A1E7A4F7556}") = "dp.longestcommonsubsequence", "dp.longestcommonsubsequence\dp.longestcommonsubsequence.csproj", "{5BEFCE97-964F-430D-ACF0-DAA9D91AD589}"
EndProject
Project("{9A19103F-16F7-4668-BE54-9A1E7A4F7556}") = "dp.minnumberofndivisors", "dp.minnumberofndivisors\dp.minnumberofndivisors.csproj", "{F9F9F4B7-9C2D-4A03-A667-303EA92C2804}"
EndProject
Project("{9A19103F-16F7-4668-BE54-9A1E7A4F7556}") = "dp.sumofdivisors", "dp.sumofdivisors\dp.sumofdivisors.csproj", "{20941169-4DD2-4E67-AE95-D582B5A82FEA}"
EndProject
Project("{9A19103F-16F7-4668-BE54-9A1E7A4F7556}") = "dp.travellingsalesman", "dp.travellingsalesman\dp.travellingsalesman.csproj", "{6A95E6B5-D1B5-4099-A3BB-20831993B354}"
EndProject
Project("{9A19103F-16F7-4668-BE54-9A1E7A4F7556}") = "encryption", "encryption\encryption.csproj", "{7A61C66B-A614-445D-83E7-0D539CE658B0}"
EndProject
Project("{9A19103F-16F7-4668-BE54-9A1E7A4F7556}") = "extremums", "extremums\extremums.csproj", "{07681726-AB13-4367-883F-8451F9D0F98C}"
EndProject
Project("{9A19103F-16F7-4668-BE54-9A1E7A4F7556}") = "fibbonacci-recursive", "fibbonacci-recursive\fibbonacci-recursive.csproj", "{F4FBC303-9EA0-44CE-A908-7A3C61277A5E}"
EndProject
Project("{9A19103F-16F7-4668-BE54-9A1E7A4F7556}") = "finddigits", "finddigits\finddigits.csproj", "{099DD69A-02D0-47AA-B859-25A13E001776}"
EndProject
Project("{9A19103F-16F7-4668-BE54-9A1E7A4F7556}") = "game.doorstate", "game.doorstate\game.doorstate.csproj", "{CA1F4D19-B3E6-4D56-B06A-B5E4C0E46233}"
EndProject
Project("{9A19103F-16F7-4668-BE54-9A1E7A4F7556}") = "game.tictactoe3d", "game.tictactoe3d\game.tictactoe3d.csproj", "{33F52165-4296-4405-B61D-C6465520FC79}"
EndProject
Project("{9A19103F-16F7-4668-BE54-9A1E7A4F7556}") = "game.tictactoeai", "game.tictactoeai\game.tictactoeai.csproj", "{0ABABE43-8A5F-4474-85E8-923EBDF1484E}"
EndProject
Project("{9A19103F-16F7-4668-BE54-9A1E7A4F7556}") = "lng.assembler", "lng.assembler\lng.assembler.csproj", "{D8B629A8-C290-4F23-AAD1-E1294A6774BF}"
EndProject
Project("{9A19103F-16F7-4668-BE54-9A1E7A4F7556}") = "lng.assemblerinterpreter", "lng.assemblerinterpreter\lng.assemblerinterpreter.csproj", "{0BFAA193-7419-4081-B032-F47FF6A1B62E}"
EndProject
Project("{9A19103F-16F7-4668-BE54-9A1E7A4F7556}") = "lng.esolang1", "lng.esolang1\lng.esolang1.csproj", "{09B562A5-E424-4612-A1CD-BB89D04BF6C7}"
EndProject
Project("{9A19103F-16F7-4668-BE54-9A1E7A4F7556}") = "lng.esolang2", "lng.esolang2\lng.esolang2.csproj", "{7086012C-117C-43CF-8B86-53ECD929E8B1}"
EndProject
Project("{9A19103F-16F7-4668-BE54-9A1E7A4F7556}") = "lng.esolang3", "lng.esolang3\lng.esolang3.csproj", "{3FF55E07-458E-4669-9B78-99A754CF376D}"
EndProject
Project("{9A19103F-16F7-4668-BE54-9A1E7A4F7556}") = "lng.esolang4", "lng.esolang4\lng.esolang4.csproj", "{C22E8EA3-D807-460E-8A09-5975C8B278D7}"
EndProject
Project("{9A19103F-16F7-4668-BE54-9A1E7A4F7556}") = "lng.math.parseeval", "lng.math.parseeval\lng.math.parseeval.csproj", "{415AA5DA-194F-4FF1-9685-433EE0B300EE}"
EndProject
Project("{9A19103F-16F7-4668-BE54-9A1E7A4F7556}") = "lng.simpleinteractiveinterpreter", "lng.simpleinteractiveinterpreter\lng.simpleinteractiveinterpreter.csproj", "{6DE59685-05FF-4BBD-BA14-5AC6F591D097}"
EndProject
Project("{9A19103F-16F7-4668-BE54-9A1E7A4F7556}") = "matrix.determinant", "matrix.determinant\matrix.determinant.csproj", "{31342E52-3FDC-4A7C-80C3-CE32A97CD317}"
EndProject
Project("{9A19103F-16F7-4668-BE54-9A1E7A4F7556}") = "number.collapse", "number.collapse\number.collapse.csproj", "{8CBB7F72-EBF0-4A3C-920E-DAD84CDE1AB8}"
EndProject
Project("{9A19103F-16F7-4668-BE54-9A1E7A4F7556}") = "number.combinations", "number.combinations\number.combinations.csproj", "{8C2B5B94-A3C3-487D-8897-79FEA3E3C5FA}"
EndProject
Project("{9A19103F-16F7-4668-BE54-9A1E7A4F7556}") = "number.eratosfen", "number.eratosfen\number.eratosfen.csproj", "{BA5490E0-7215-41F9-8811-C66A2EB43AB7}"
EndProject
Project("{9A19103F-16F7-4668-BE54-9A1E7A4F7556}") = "number.gcd", "number.gcd\number.gcd.csproj", "{89AFD39E-19D3-4DE7-9F67-B01B7DFFD8DE}"
EndProject
Project("{9A19103F-16F7-4668-BE54-9A1E7A4F7556}") = "number.lastdigit", "number.lastdigit\number.lastdigit.csproj", "{8AAA0800-4AC7-4212-B3DC-DD0E1BDA444B}"
EndProject
Project("{9A19103F-16F7-4668-BE54-9A1E7A4F7556}") = "number.persistent", "number.persistent\number.persistent.csproj", "{46AC68F9-427F-488C-8BAF-9DB017C8370E}"
EndProject
Project("{9A19103F-16F7-4668-BE54-9A1E7A4F7556}") = "number.powertowermod", "number.powertowermod\number.powertowermod.csproj", "{B4110ED0-822A-4424-A692-C5E928086262}"
EndProject
Project("{9A19103F-16F7-4668-BE54-9A1E7A4F7556}") = "number.primestreaming", "number.primestreaming\number.primestreaming.csproj", "{7CDBCCEC-8777-41CF-BFA1-2DB6D5F99688}"
EndProject
Project("{9A19103F-16F7-4668-BE54-9A1E7A4F7556}") = "number.xoranvinverse", "number.xoranvinverse\number.xoranvinverse.csproj", "{5A681B44-6BC7-4C43-8556-A53BE5F4DA16}"
EndProject
Project("{9A19103F-16F7-4668-BE54-9A1E7A4F7556}") = "oop.carconstructor", "oop.carconstructor\oop.carconstructor.csproj", "{E4EBF55C-BD40-4FBC-98E2-EA93A2517912}"
EndProject
Project("{9A19103F-16F7-4668-BE54-9A1E7A4F7556}") = "parentheses", "parentheses\parentheses.csproj", "{893555F8-8968-4349-9391-48ECF7CBDAA7}"
EndProject
Project("{9A19103F-16F7-4668-BE54-9A1E7A4F7556}") = "romannumberals", "romannumberals\romannumberals.csproj", "{6E4BC210-877A-4477-B32A-B86BF687DA70}"
EndProject
Project("{9A19103F-16F7-4668-BE54-9A1E7A4F7556}") = "snail", "snail\snail.csproj", "{FE57A4C0-83BD-43D5-B7C6-E6E54829825D}"
EndProject
Project("{9A19103F-16F7-4668-BE54-9A1E7A4F7556}") = "strings.generatebc", "strings.generatebc\strings.generatebc.csproj", "{94B6E54D-6768-4FC2-B1B0-5E494A59B44E}"
EndProject
Project("{9A19103F-16F7-4668-BE54-9A1E7A4F7556}") = "sudoku", "sudoku\sudoku.csproj", "{17011D5F-38B3-481F-A4EB-7377D108106F}"
EndProject
Project("{9A19103F-16F7-4668-BE54-9A1E7A4F7556}") = "list.removenode", "list.removenode\list.removenode.csproj", "{96022030-8643-49EE-A844-99FF0C2FC006}"
EndProject
Project("{9A19103F-16F7-4668-BE54-9A1E7A4F7556}") = "removeduplicate", "removeduplicate\removeduplicate.csproj", "{B2C109D1-E4DA-43F9-A4FB-DD0056A0E2A8}"
EndProject
Project("{9A19103F-16F7-4668-BE54-9A1E7A4F7556}") = "templates.behavioral.observer", "templates.behavioral.observer\templates.behavioral.observer.csproj", "{4C8361C5-05C3-4DEE-A82B-BCF45A59C4DA}"
EndProject
Project("{9A19103F-16F7-4668-BE54-9A1E7A4F7556}") = "intervals.overlaps", "intervals.overlaps\intervals.overlaps.csproj", "{1B8EBFA3-C3F2-4595-9C97-77AFA659A619}"
EndProject
Project("{9A19103F-16F7-4668-BE54-9A1E7A4F7556}") = "convolution-phone-number", "convolution-phone-number\convolution-phone-number.csproj", "{C3C946D7-6F57-4B8E-BA1F-D979B8FF4A94}"
EndProject
Project("{9A19103F-16F7-4668-BE54-9A1E7A4F7556}") = "csharp.records", "csharp.records\csharp.records.csproj", "{F796B501-11AC-4BAC-891B-07C901C86683}"
EndProject
Project("{9A19103F-16F7-4668-BE54-9A1E7A4F7556}") = "csharp.local-function", "csharp.local-function\csharp.local-function.csproj", "{5CC5EEB4-76C9-47D4-9B1B-547B109676C5}"
EndProject
Project("{9A19103F-16F7-4668-BE54-9A1E7A4F7556}") = "csharp.ILDASM", "csharp.ILDASM\csharp.ILDASM.csproj", "{4CFCDE7E-654B-45CF-B5C0-52FB223D0A75}"
EndProject
Project("{9A19103F-16F7-4668-BE54-9A1E7A4F7556}") = "csharp.ILASM", "csharp.ILASM\csharp.ILASM.csproj", "{F26E32B1-313E-46C0-81F3-4E2F057EE84A}"
EndProject
Project("{9A19103F-16F7-4668-BE54-9A1E7A4F7556}") = "csharp.overloading", "csharp.overloading\csharp.overloading.csproj", "{8C76244C-2CA4-4744-9328-9222E9C06D88}"
EndProject
Project("{9A19103F-16F7-4668-BE54-9A1E7A4F7556}") = "csharp.LINQ", "csharp.LINQ\csharp.LINQ.csproj", "{CCD4467A-0376-40D9-A5E9-1C51532BFE9E}"
EndProject
Project("{9A19103F-16F7-4668-BE54-9A1E7A4F7556}") = "csharp.FizzBuzz", "csharp.FizzBuzz\csharp.FizzBuzz.csproj", "{CC55E4AD-3529-4E8C-8E69-C68B6BA88D45}"
EndProject
Global
	GlobalSection(SolutionConfigurationPlatforms) = preSolution
		Debug|Any CPU = Debug|Any CPU
		Release|Any CPU = Release|Any CPU
	EndGlobalSection
	GlobalSection(ProjectConfigurationPlatforms) = postSolution
		{422CF20F-8F97-45E4-93D2-A52B2ADB9371}.Debug|Any CPU.ActiveCfg = Debug|Any CPU
		{422CF20F-8F97-45E4-93D2-A52B2ADB9371}.Debug|Any CPU.Build.0 = Debug|Any CPU
		{422CF20F-8F97-45E4-93D2-A52B2ADB9371}.Release|Any CPU.ActiveCfg = Release|Any CPU
		{422CF20F-8F97-45E4-93D2-A52B2ADB9371}.Release|Any CPU.Build.0 = Release|Any CPU
		{671355D4-860A-4C1E-A823-5E38BBF4162A}.Debug|Any CPU.ActiveCfg = Debug|Any CPU
		{671355D4-860A-4C1E-A823-5E38BBF4162A}.Debug|Any CPU.Build.0 = Debug|Any CPU
		{671355D4-860A-4C1E-A823-5E38BBF4162A}.Release|Any CPU.ActiveCfg = Release|Any CPU
		{671355D4-860A-4C1E-A823-5E38BBF4162A}.Release|Any CPU.Build.0 = Release|Any CPU
		{922D7BDB-EA19-41BD-B394-BDAAB78A281D}.Debug|Any CPU.ActiveCfg = Debug|Any CPU
		{922D7BDB-EA19-41BD-B394-BDAAB78A281D}.Debug|Any CPU.Build.0 = Debug|Any CPU
		{922D7BDB-EA19-41BD-B394-BDAAB78A281D}.Release|Any CPU.ActiveCfg = Release|Any CPU
		{922D7BDB-EA19-41BD-B394-BDAAB78A281D}.Release|Any CPU.Build.0 = Release|Any CPU
		{9F3B8190-48DA-4D92-B0F7-936A12FF0DEA}.Debug|Any CPU.ActiveCfg = Debug|Any CPU
		{9F3B8190-48DA-4D92-B0F7-936A12FF0DEA}.Debug|Any CPU.Build.0 = Debug|Any CPU
		{9F3B8190-48DA-4D92-B0F7-936A12FF0DEA}.Release|Any CPU.ActiveCfg = Release|Any CPU
		{9F3B8190-48DA-4D92-B0F7-936A12FF0DEA}.Release|Any CPU.Build.0 = Release|Any CPU
		{EBC389FC-B1A0-46C3-9627-B1C9B272C141}.Debug|Any CPU.ActiveCfg = Debug|Any CPU
		{EBC389FC-B1A0-46C3-9627-B1C9B272C141}.Debug|Any CPU.Build.0 = Debug|Any CPU
		{EBC389FC-B1A0-46C3-9627-B1C9B272C141}.Release|Any CPU.ActiveCfg = Release|Any CPU
		{EBC389FC-B1A0-46C3-9627-B1C9B272C141}.Release|Any CPU.Build.0 = Release|Any CPU
		{1F46D806-784B-4337-AA2A-34C2BEEB4007}.Debug|Any CPU.ActiveCfg = Debug|Any CPU
		{1F46D806-784B-4337-AA2A-34C2BEEB4007}.Debug|Any CPU.Build.0 = Debug|Any CPU
		{1F46D806-784B-4337-AA2A-34C2BEEB4007}.Release|Any CPU.ActiveCfg = Release|Any CPU
		{1F46D806-784B-4337-AA2A-34C2BEEB4007}.Release|Any CPU.Build.0 = Release|Any CPU
		{605B7ED4-F2F7-42AB-AE6B-A27B829DEAF2}.Debug|Any CPU.ActiveCfg = Debug|Any CPU
		{605B7ED4-F2F7-42AB-AE6B-A27B829DEAF2}.Debug|Any CPU.Build.0 = Debug|Any CPU
		{605B7ED4-F2F7-42AB-AE6B-A27B829DEAF2}.Release|Any CPU.ActiveCfg = Release|Any CPU
		{605B7ED4-F2F7-42AB-AE6B-A27B829DEAF2}.Release|Any CPU.Build.0 = Release|Any CPU
		{667FED85-530B-4ED2-BDE9-FCDC6688AB12}.Debug|Any CPU.ActiveCfg = Debug|Any CPU
		{667FED85-530B-4ED2-BDE9-FCDC6688AB12}.Debug|Any CPU.Build.0 = Debug|Any CPU
		{667FED85-530B-4ED2-BDE9-FCDC6688AB12}.Release|Any CPU.ActiveCfg = Release|Any CPU
		{667FED85-530B-4ED2-BDE9-FCDC6688AB12}.Release|Any CPU.Build.0 = Release|Any CPU
		{2A9E0029-8618-4B66-83A3-D667AF93456F}.Debug|Any CPU.ActiveCfg = Debug|Any CPU
		{2A9E0029-8618-4B66-83A3-D667AF93456F}.Debug|Any CPU.Build.0 = Debug|Any CPU
		{2A9E0029-8618-4B66-83A3-D667AF93456F}.Release|Any CPU.ActiveCfg = Release|Any CPU
		{2A9E0029-8618-4B66-83A3-D667AF93456F}.Release|Any CPU.Build.0 = Release|Any CPU
		{EB9B1EE7-3AEA-48DA-A539-213F35DB2AAA}.Debug|Any CPU.ActiveCfg = Debug|Any CPU
		{EB9B1EE7-3AEA-48DA-A539-213F35DB2AAA}.Debug|Any CPU.Build.0 = Debug|Any CPU
		{EB9B1EE7-3AEA-48DA-A539-213F35DB2AAA}.Release|Any CPU.ActiveCfg = Release|Any CPU
		{EB9B1EE7-3AEA-48DA-A539-213F35DB2AAA}.Release|Any CPU.Build.0 = Release|Any CPU
		{953270D7-7874-467B-95C0-4FE730C3613A}.Debug|Any CPU.ActiveCfg = Debug|Any CPU
		{953270D7-7874-467B-95C0-4FE730C3613A}.Debug|Any CPU.Build.0 = Debug|Any CPU
		{953270D7-7874-467B-95C0-4FE730C3613A}.Release|Any CPU.ActiveCfg = Release|Any CPU
		{953270D7-7874-467B-95C0-4FE730C3613A}.Release|Any CPU.Build.0 = Release|Any CPU
		{4D69ACC6-3D36-4829-938A-2C5D16E4BA05}.Debug|Any CPU.ActiveCfg = Debug|Any CPU
		{4D69ACC6-3D36-4829-938A-2C5D16E4BA05}.Debug|Any CPU.Build.0 = Debug|Any CPU
		{4D69ACC6-3D36-4829-938A-2C5D16E4BA05}.Release|Any CPU.ActiveCfg = Release|Any CPU
		{4D69ACC6-3D36-4829-938A-2C5D16E4BA05}.Release|Any CPU.Build.0 = Release|Any CPU
		{777C514B-A35F-4DA3-B999-5F291402DBBA}.Debug|Any CPU.ActiveCfg = Debug|Any CPU
		{777C514B-A35F-4DA3-B999-5F291402DBBA}.Debug|Any CPU.Build.0 = Debug|Any CPU
		{777C514B-A35F-4DA3-B999-5F291402DBBA}.Release|Any CPU.ActiveCfg = Release|Any CPU
		{777C514B-A35F-4DA3-B999-5F291402DBBA}.Release|Any CPU.Build.0 = Release|Any CPU
		{F6155289-642A-48C1-B1C0-B24D3A76B340}.Debug|Any CPU.ActiveCfg = Debug|Any CPU
		{F6155289-642A-48C1-B1C0-B24D3A76B340}.Debug|Any CPU.Build.0 = Debug|Any CPU
		{F6155289-642A-48C1-B1C0-B24D3A76B340}.Release|Any CPU.ActiveCfg = Release|Any CPU
		{F6155289-642A-48C1-B1C0-B24D3A76B340}.Release|Any CPU.Build.0 = Release|Any CPU
		{FB619376-09F9-4CF6-8551-9AC9A354BFBD}.Debug|Any CPU.ActiveCfg = Debug|Any CPU
		{FB619376-09F9-4CF6-8551-9AC9A354BFBD}.Debug|Any CPU.Build.0 = Debug|Any CPU
		{FB619376-09F9-4CF6-8551-9AC9A354BFBD}.Release|Any CPU.ActiveCfg = Release|Any CPU
		{FB619376-09F9-4CF6-8551-9AC9A354BFBD}.Release|Any CPU.Build.0 = Release|Any CPU
		{05391748-E90C-4679-BE09-3B6A6BDCE992}.Debug|Any CPU.ActiveCfg = Debug|Any CPU
		{05391748-E90C-4679-BE09-3B6A6BDCE992}.Debug|Any CPU.Build.0 = Debug|Any CPU
		{05391748-E90C-4679-BE09-3B6A6BDCE992}.Release|Any CPU.ActiveCfg = Release|Any CPU
		{05391748-E90C-4679-BE09-3B6A6BDCE992}.Release|Any CPU.Build.0 = Release|Any CPU
		{A0D9AB62-41BC-4675-84D3-59ACC5991138}.Debug|Any CPU.ActiveCfg = Debug|Any CPU
		{A0D9AB62-41BC-4675-84D3-59ACC5991138}.Debug|Any CPU.Build.0 = Debug|Any CPU
		{A0D9AB62-41BC-4675-84D3-59ACC5991138}.Release|Any CPU.ActiveCfg = Release|Any CPU
		{A0D9AB62-41BC-4675-84D3-59ACC5991138}.Release|Any CPU.Build.0 = Release|Any CPU
		{1041260D-FE6A-4AED-AF1B-3B2A05388324}.Debug|Any CPU.ActiveCfg = Debug|Any CPU
		{1041260D-FE6A-4AED-AF1B-3B2A05388324}.Debug|Any CPU.Build.0 = Debug|Any CPU
		{1041260D-FE6A-4AED-AF1B-3B2A05388324}.Release|Any CPU.ActiveCfg = Release|Any CPU
		{1041260D-FE6A-4AED-AF1B-3B2A05388324}.Release|Any CPU.Build.0 = Release|Any CPU
		{A79A0B4A-CD40-47FC-BA1F-ACF975D9E41F}.Debug|Any CPU.ActiveCfg = Debug|Any CPU
		{A79A0B4A-CD40-47FC-BA1F-ACF975D9E41F}.Debug|Any CPU.Build.0 = Debug|Any CPU
		{A79A0B4A-CD40-47FC-BA1F-ACF975D9E41F}.Release|Any CPU.ActiveCfg = Release|Any CPU
		{A79A0B4A-CD40-47FC-BA1F-ACF975D9E41F}.Release|Any CPU.Build.0 = Release|Any CPU
		{A6DE57AC-CBE2-42E9-AA15-C7DB90C26B3F}.Debug|Any CPU.ActiveCfg = Debug|Any CPU
		{A6DE57AC-CBE2-42E9-AA15-C7DB90C26B3F}.Debug|Any CPU.Build.0 = Debug|Any CPU
		{A6DE57AC-CBE2-42E9-AA15-C7DB90C26B3F}.Release|Any CPU.ActiveCfg = Release|Any CPU
		{A6DE57AC-CBE2-42E9-AA15-C7DB90C26B3F}.Release|Any CPU.Build.0 = Release|Any CPU
		{D7968A77-7187-4B7E-95E1-F2B1E9F29CC2}.Debug|Any CPU.ActiveCfg = Debug|Any CPU
		{D7968A77-7187-4B7E-95E1-F2B1E9F29CC2}.Debug|Any CPU.Build.0 = Debug|Any CPU
		{D7968A77-7187-4B7E-95E1-F2B1E9F29CC2}.Release|Any CPU.ActiveCfg = Release|Any CPU
		{D7968A77-7187-4B7E-95E1-F2B1E9F29CC2}.Release|Any CPU.Build.0 = Release|Any CPU
		{CC66A49D-407F-43E9-90EE-DBCE2139CC54}.Debug|Any CPU.ActiveCfg = Debug|Any CPU
		{CC66A49D-407F-43E9-90EE-DBCE2139CC54}.Debug|Any CPU.Build.0 = Debug|Any CPU
		{CC66A49D-407F-43E9-90EE-DBCE2139CC54}.Release|Any CPU.ActiveCfg = Release|Any CPU
		{CC66A49D-407F-43E9-90EE-DBCE2139CC54}.Release|Any CPU.Build.0 = Release|Any CPU
		{09E98D12-CB3F-4FF2-AF9B-700E56B85D61}.Debug|Any CPU.ActiveCfg = Debug|Any CPU
		{09E98D12-CB3F-4FF2-AF9B-700E56B85D61}.Debug|Any CPU.Build.0 = Debug|Any CPU
		{09E98D12-CB3F-4FF2-AF9B-700E56B85D61}.Release|Any CPU.ActiveCfg = Release|Any CPU
		{09E98D12-CB3F-4FF2-AF9B-700E56B85D61}.Release|Any CPU.Build.0 = Release|Any CPU
		{E6CB45C0-FCA7-4747-8350-9BC6B68DFC15}.Debug|Any CPU.ActiveCfg = Debug|Any CPU
		{E6CB45C0-FCA7-4747-8350-9BC6B68DFC15}.Debug|Any CPU.Build.0 = Debug|Any CPU
		{E6CB45C0-FCA7-4747-8350-9BC6B68DFC15}.Release|Any CPU.ActiveCfg = Release|Any CPU
		{E6CB45C0-FCA7-4747-8350-9BC6B68DFC15}.Release|Any CPU.Build.0 = Release|Any CPU
		{BDB2B558-7DD1-42A9-8AF4-1192435A3D91}.Debug|Any CPU.ActiveCfg = Debug|Any CPU
		{BDB2B558-7DD1-42A9-8AF4-1192435A3D91}.Debug|Any CPU.Build.0 = Debug|Any CPU
		{BDB2B558-7DD1-42A9-8AF4-1192435A3D91}.Release|Any CPU.ActiveCfg = Release|Any CPU
		{BDB2B558-7DD1-42A9-8AF4-1192435A3D91}.Release|Any CPU.Build.0 = Release|Any CPU
		{4864D12A-6E4D-4E85-A09D-7164A8DBC1A3}.Debug|Any CPU.ActiveCfg = Debug|Any CPU
		{4864D12A-6E4D-4E85-A09D-7164A8DBC1A3}.Debug|Any CPU.Build.0 = Debug|Any CPU
		{4864D12A-6E4D-4E85-A09D-7164A8DBC1A3}.Release|Any CPU.ActiveCfg = Release|Any CPU
		{4864D12A-6E4D-4E85-A09D-7164A8DBC1A3}.Release|Any CPU.Build.0 = Release|Any CPU
		{37E85D67-343E-473B-AF8A-BC3A06CAC4A1}.Debug|Any CPU.ActiveCfg = Debug|Any CPU
		{37E85D67-343E-473B-AF8A-BC3A06CAC4A1}.Debug|Any CPU.Build.0 = Debug|Any CPU
		{37E85D67-343E-473B-AF8A-BC3A06CAC4A1}.Release|Any CPU.ActiveCfg = Release|Any CPU
		{37E85D67-343E-473B-AF8A-BC3A06CAC4A1}.Release|Any CPU.Build.0 = Release|Any CPU
		{B2126DA9-64E8-4849-A0BA-D4642F4E23EA}.Debug|Any CPU.ActiveCfg = Debug|Any CPU
		{B2126DA9-64E8-4849-A0BA-D4642F4E23EA}.Debug|Any CPU.Build.0 = Debug|Any CPU
		{B2126DA9-64E8-4849-A0BA-D4642F4E23EA}.Release|Any CPU.ActiveCfg = Release|Any CPU
		{B2126DA9-64E8-4849-A0BA-D4642F4E23EA}.Release|Any CPU.Build.0 = Release|Any CPU
		{4C74E7FC-B4D9-4493-99F9-3A1A575DF958}.Debug|Any CPU.ActiveCfg = Debug|Any CPU
		{4C74E7FC-B4D9-4493-99F9-3A1A575DF958}.Debug|Any CPU.Build.0 = Debug|Any CPU
		{4C74E7FC-B4D9-4493-99F9-3A1A575DF958}.Release|Any CPU.ActiveCfg = Release|Any CPU
		{4C74E7FC-B4D9-4493-99F9-3A1A575DF958}.Release|Any CPU.Build.0 = Release|Any CPU
		{0D714DE3-0A40-4BF3-B768-739EE543075D}.Debug|Any CPU.ActiveCfg = Debug|Any CPU
		{0D714DE3-0A40-4BF3-B768-739EE543075D}.Debug|Any CPU.Build.0 = Debug|Any CPU
		{0D714DE3-0A40-4BF3-B768-739EE543075D}.Release|Any CPU.ActiveCfg = Release|Any CPU
		{0D714DE3-0A40-4BF3-B768-739EE543075D}.Release|Any CPU.Build.0 = Release|Any CPU
		{C6FAF285-A785-4B13-AA23-871660C3CF79}.Debug|Any CPU.ActiveCfg = Debug|Any CPU
		{C6FAF285-A785-4B13-AA23-871660C3CF79}.Debug|Any CPU.Build.0 = Debug|Any CPU
		{C6FAF285-A785-4B13-AA23-871660C3CF79}.Release|Any CPU.ActiveCfg = Release|Any CPU
		{C6FAF285-A785-4B13-AA23-871660C3CF79}.Release|Any CPU.Build.0 = Release|Any CPU
		{84FCAA86-C767-4713-8F8E-73691F5C4D72}.Debug|Any CPU.ActiveCfg = Debug|Any CPU
		{84FCAA86-C767-4713-8F8E-73691F5C4D72}.Debug|Any CPU.Build.0 = Debug|Any CPU
		{84FCAA86-C767-4713-8F8E-73691F5C4D72}.Release|Any CPU.ActiveCfg = Release|Any CPU
		{84FCAA86-C767-4713-8F8E-73691F5C4D72}.Release|Any CPU.Build.0 = Release|Any CPU
		{DD68865D-911C-4B44-8791-AF36D8235FED}.Debug|Any CPU.ActiveCfg = Debug|Any CPU
		{DD68865D-911C-4B44-8791-AF36D8235FED}.Debug|Any CPU.Build.0 = Debug|Any CPU
		{DD68865D-911C-4B44-8791-AF36D8235FED}.Release|Any CPU.ActiveCfg = Release|Any CPU
		{DD68865D-911C-4B44-8791-AF36D8235FED}.Release|Any CPU.Build.0 = Release|Any CPU
		{71675636-CDCA-4E45-9CC0-F019F82D0D01}.Debug|Any CPU.ActiveCfg = Debug|Any CPU
		{71675636-CDCA-4E45-9CC0-F019F82D0D01}.Debug|Any CPU.Build.0 = Debug|Any CPU
		{71675636-CDCA-4E45-9CC0-F019F82D0D01}.Release|Any CPU.ActiveCfg = Release|Any CPU
		{71675636-CDCA-4E45-9CC0-F019F82D0D01}.Release|Any CPU.Build.0 = Release|Any CPU
		{C2A6D291-EA97-4630-87E0-229715205694}.Debug|Any CPU.ActiveCfg = Debug|Any CPU
		{C2A6D291-EA97-4630-87E0-229715205694}.Debug|Any CPU.Build.0 = Debug|Any CPU
		{C2A6D291-EA97-4630-87E0-229715205694}.Release|Any CPU.ActiveCfg = Release|Any CPU
		{C2A6D291-EA97-4630-87E0-229715205694}.Release|Any CPU.Build.0 = Release|Any CPU
		{976E1D4D-6B5F-4C6D-8387-94B729186714}.Debug|Any CPU.ActiveCfg = Debug|Any CPU
		{976E1D4D-6B5F-4C6D-8387-94B729186714}.Debug|Any CPU.Build.0 = Debug|Any CPU
		{976E1D4D-6B5F-4C6D-8387-94B729186714}.Release|Any CPU.ActiveCfg = Release|Any CPU
		{976E1D4D-6B5F-4C6D-8387-94B729186714}.Release|Any CPU.Build.0 = Release|Any CPU
		{967E0BB6-B020-4D0D-9003-3DC5C42FC662}.Debug|Any CPU.ActiveCfg = Debug|Any CPU
		{967E0BB6-B020-4D0D-9003-3DC5C42FC662}.Debug|Any CPU.Build.0 = Debug|Any CPU
		{967E0BB6-B020-4D0D-9003-3DC5C42FC662}.Release|Any CPU.ActiveCfg = Release|Any CPU
		{967E0BB6-B020-4D0D-9003-3DC5C42FC662}.Release|Any CPU.Build.0 = Release|Any CPU
		{A4152D75-722C-4DB6-9F9B-7CC8883C1FB1}.Debug|Any CPU.ActiveCfg = Debug|Any CPU
		{A4152D75-722C-4DB6-9F9B-7CC8883C1FB1}.Debug|Any CPU.Build.0 = Debug|Any CPU
		{A4152D75-722C-4DB6-9F9B-7CC8883C1FB1}.Release|Any CPU.ActiveCfg = Release|Any CPU
		{A4152D75-722C-4DB6-9F9B-7CC8883C1FB1}.Release|Any CPU.Build.0 = Release|Any CPU
		{7AD36CC6-CF2F-4274-A298-A23A2CC42CAE}.Debug|Any CPU.ActiveCfg = Debug|Any CPU
		{7AD36CC6-CF2F-4274-A298-A23A2CC42CAE}.Debug|Any CPU.Build.0 = Debug|Any CPU
		{7AD36CC6-CF2F-4274-A298-A23A2CC42CAE}.Release|Any CPU.ActiveCfg = Release|Any CPU
		{7AD36CC6-CF2F-4274-A298-A23A2CC42CAE}.Release|Any CPU.Build.0 = Release|Any CPU
		{E1F74672-7C13-413A-A7EF-92683434F9A9}.Debug|Any CPU.ActiveCfg = Debug|Any CPU
		{E1F74672-7C13-413A-A7EF-92683434F9A9}.Debug|Any CPU.Build.0 = Debug|Any CPU
		{E1F74672-7C13-413A-A7EF-92683434F9A9}.Release|Any CPU.ActiveCfg = Release|Any CPU
		{E1F74672-7C13-413A-A7EF-92683434F9A9}.Release|Any CPU.Build.0 = Release|Any CPU
		{D6E01843-23BE-4EDE-927D-63A00FD0D2FF}.Debug|Any CPU.ActiveCfg = Debug|Any CPU
		{D6E01843-23BE-4EDE-927D-63A00FD0D2FF}.Debug|Any CPU.Build.0 = Debug|Any CPU
		{D6E01843-23BE-4EDE-927D-63A00FD0D2FF}.Release|Any CPU.ActiveCfg = Release|Any CPU
		{D6E01843-23BE-4EDE-927D-63A00FD0D2FF}.Release|Any CPU.Build.0 = Release|Any CPU
		{FD993CD9-00D2-4994-9E43-76D2BEAF2430}.Debug|Any CPU.ActiveCfg = Debug|Any CPU
		{FD993CD9-00D2-4994-9E43-76D2BEAF2430}.Debug|Any CPU.Build.0 = Debug|Any CPU
		{FD993CD9-00D2-4994-9E43-76D2BEAF2430}.Release|Any CPU.ActiveCfg = Release|Any CPU
		{FD993CD9-00D2-4994-9E43-76D2BEAF2430}.Release|Any CPU.Build.0 = Release|Any CPU
		{1F16CAC6-1DA3-4D19-9601-EE17E9AD0E93}.Debug|Any CPU.ActiveCfg = Debug|Any CPU
		{1F16CAC6-1DA3-4D19-9601-EE17E9AD0E93}.Debug|Any CPU.Build.0 = Debug|Any CPU
		{1F16CAC6-1DA3-4D19-9601-EE17E9AD0E93}.Release|Any CPU.ActiveCfg = Release|Any CPU
		{1F16CAC6-1DA3-4D19-9601-EE17E9AD0E93}.Release|Any CPU.Build.0 = Release|Any CPU
		{DA96500E-B729-42D8-AAD9-0D1144232610}.Debug|Any CPU.ActiveCfg = Debug|Any CPU
		{DA96500E-B729-42D8-AAD9-0D1144232610}.Debug|Any CPU.Build.0 = Debug|Any CPU
		{DA96500E-B729-42D8-AAD9-0D1144232610}.Release|Any CPU.ActiveCfg = Release|Any CPU
		{DA96500E-B729-42D8-AAD9-0D1144232610}.Release|Any CPU.Build.0 = Release|Any CPU
		{EE6607A3-8817-4824-B2E7-508E7FA43052}.Debug|Any CPU.ActiveCfg = Debug|Any CPU
		{EE6607A3-8817-4824-B2E7-508E7FA43052}.Debug|Any CPU.Build.0 = Debug|Any CPU
		{EE6607A3-8817-4824-B2E7-508E7FA43052}.Release|Any CPU.ActiveCfg = Release|Any CPU
		{EE6607A3-8817-4824-B2E7-508E7FA43052}.Release|Any CPU.Build.0 = Release|Any CPU
		{60119C6F-873B-47C7-A927-0A476AC6A55F}.Debug|Any CPU.ActiveCfg = Debug|Any CPU
		{60119C6F-873B-47C7-A927-0A476AC6A55F}.Debug|Any CPU.Build.0 = Debug|Any CPU
		{60119C6F-873B-47C7-A927-0A476AC6A55F}.Release|Any CPU.ActiveCfg = Release|Any CPU
		{60119C6F-873B-47C7-A927-0A476AC6A55F}.Release|Any CPU.Build.0 = Release|Any CPU
		{5BEFCE97-964F-430D-ACF0-DAA9D91AD589}.Debug|Any CPU.ActiveCfg = Debug|Any CPU
		{5BEFCE97-964F-430D-ACF0-DAA9D91AD589}.Debug|Any CPU.Build.0 = Debug|Any CPU
		{5BEFCE97-964F-430D-ACF0-DAA9D91AD589}.Release|Any CPU.ActiveCfg = Release|Any CPU
		{5BEFCE97-964F-430D-ACF0-DAA9D91AD589}.Release|Any CPU.Build.0 = Release|Any CPU
		{F9F9F4B7-9C2D-4A03-A667-303EA92C2804}.Debug|Any CPU.ActiveCfg = Debug|Any CPU
		{F9F9F4B7-9C2D-4A03-A667-303EA92C2804}.Debug|Any CPU.Build.0 = Debug|Any CPU
		{F9F9F4B7-9C2D-4A03-A667-303EA92C2804}.Release|Any CPU.ActiveCfg = Release|Any CPU
		{F9F9F4B7-9C2D-4A03-A667-303EA92C2804}.Release|Any CPU.Build.0 = Release|Any CPU
		{20941169-4DD2-4E67-AE95-D582B5A82FEA}.Debug|Any CPU.ActiveCfg = Debug|Any CPU
		{20941169-4DD2-4E67-AE95-D582B5A82FEA}.Debug|Any CPU.Build.0 = Debug|Any CPU
		{20941169-4DD2-4E67-AE95-D582B5A82FEA}.Release|Any CPU.ActiveCfg = Release|Any CPU
		{20941169-4DD2-4E67-AE95-D582B5A82FEA}.Release|Any CPU.Build.0 = Release|Any CPU
		{6A95E6B5-D1B5-4099-A3BB-20831993B354}.Debug|Any CPU.ActiveCfg = Debug|Any CPU
		{6A95E6B5-D1B5-4099-A3BB-20831993B354}.Debug|Any CPU.Build.0 = Debug|Any CPU
		{6A95E6B5-D1B5-4099-A3BB-20831993B354}.Release|Any CPU.ActiveCfg = Release|Any CPU
		{6A95E6B5-D1B5-4099-A3BB-20831993B354}.Release|Any CPU.Build.0 = Release|Any CPU
		{7A61C66B-A614-445D-83E7-0D539CE658B0}.Debug|Any CPU.ActiveCfg = Debug|Any CPU
		{7A61C66B-A614-445D-83E7-0D539CE658B0}.Debug|Any CPU.Build.0 = Debug|Any CPU
		{7A61C66B-A614-445D-83E7-0D539CE658B0}.Release|Any CPU.ActiveCfg = Release|Any CPU
		{7A61C66B-A614-445D-83E7-0D539CE658B0}.Release|Any CPU.Build.0 = Release|Any CPU
		{07681726-AB13-4367-883F-8451F9D0F98C}.Debug|Any CPU.ActiveCfg = Debug|Any CPU
		{07681726-AB13-4367-883F-8451F9D0F98C}.Debug|Any CPU.Build.0 = Debug|Any CPU
		{07681726-AB13-4367-883F-8451F9D0F98C}.Release|Any CPU.ActiveCfg = Release|Any CPU
		{07681726-AB13-4367-883F-8451F9D0F98C}.Release|Any CPU.Build.0 = Release|Any CPU
		{F4FBC303-9EA0-44CE-A908-7A3C61277A5E}.Debug|Any CPU.ActiveCfg = Debug|Any CPU
		{F4FBC303-9EA0-44CE-A908-7A3C61277A5E}.Debug|Any CPU.Build.0 = Debug|Any CPU
		{F4FBC303-9EA0-44CE-A908-7A3C61277A5E}.Release|Any CPU.ActiveCfg = Release|Any CPU
		{F4FBC303-9EA0-44CE-A908-7A3C61277A5E}.Release|Any CPU.Build.0 = Release|Any CPU
		{099DD69A-02D0-47AA-B859-25A13E001776}.Debug|Any CPU.ActiveCfg = Debug|Any CPU
		{099DD69A-02D0-47AA-B859-25A13E001776}.Debug|Any CPU.Build.0 = Debug|Any CPU
		{099DD69A-02D0-47AA-B859-25A13E001776}.Release|Any CPU.ActiveCfg = Release|Any CPU
		{099DD69A-02D0-47AA-B859-25A13E001776}.Release|Any CPU.Build.0 = Release|Any CPU
		{CA1F4D19-B3E6-4D56-B06A-B5E4C0E46233}.Debug|Any CPU.ActiveCfg = Debug|Any CPU
		{CA1F4D19-B3E6-4D56-B06A-B5E4C0E46233}.Debug|Any CPU.Build.0 = Debug|Any CPU
		{CA1F4D19-B3E6-4D56-B06A-B5E4C0E46233}.Release|Any CPU.ActiveCfg = Release|Any CPU
		{CA1F4D19-B3E6-4D56-B06A-B5E4C0E46233}.Release|Any CPU.Build.0 = Release|Any CPU
		{33F52165-4296-4405-B61D-C6465520FC79}.Debug|Any CPU.ActiveCfg = Debug|Any CPU
		{33F52165-4296-4405-B61D-C6465520FC79}.Debug|Any CPU.Build.0 = Debug|Any CPU
		{33F52165-4296-4405-B61D-C6465520FC79}.Release|Any CPU.ActiveCfg = Release|Any CPU
		{33F52165-4296-4405-B61D-C6465520FC79}.Release|Any CPU.Build.0 = Release|Any CPU
		{0ABABE43-8A5F-4474-85E8-923EBDF1484E}.Debug|Any CPU.ActiveCfg = Debug|Any CPU
		{0ABABE43-8A5F-4474-85E8-923EBDF1484E}.Debug|Any CPU.Build.0 = Debug|Any CPU
		{0ABABE43-8A5F-4474-85E8-923EBDF1484E}.Release|Any CPU.ActiveCfg = Release|Any CPU
		{0ABABE43-8A5F-4474-85E8-923EBDF1484E}.Release|Any CPU.Build.0 = Release|Any CPU
		{D8B629A8-C290-4F23-AAD1-E1294A6774BF}.Debug|Any CPU.ActiveCfg = Debug|Any CPU
		{D8B629A8-C290-4F23-AAD1-E1294A6774BF}.Debug|Any CPU.Build.0 = Debug|Any CPU
		{D8B629A8-C290-4F23-AAD1-E1294A6774BF}.Release|Any CPU.ActiveCfg = Release|Any CPU
		{D8B629A8-C290-4F23-AAD1-E1294A6774BF}.Release|Any CPU.Build.0 = Release|Any CPU
		{0BFAA193-7419-4081-B032-F47FF6A1B62E}.Debug|Any CPU.ActiveCfg = Debug|Any CPU
		{0BFAA193-7419-4081-B032-F47FF6A1B62E}.Debug|Any CPU.Build.0 = Debug|Any CPU
		{0BFAA193-7419-4081-B032-F47FF6A1B62E}.Release|Any CPU.ActiveCfg = Release|Any CPU
		{0BFAA193-7419-4081-B032-F47FF6A1B62E}.Release|Any CPU.Build.0 = Release|Any CPU
		{09B562A5-E424-4612-A1CD-BB89D04BF6C7}.Debug|Any CPU.ActiveCfg = Debug|Any CPU
		{09B562A5-E424-4612-A1CD-BB89D04BF6C7}.Debug|Any CPU.Build.0 = Debug|Any CPU
		{09B562A5-E424-4612-A1CD-BB89D04BF6C7}.Release|Any CPU.ActiveCfg = Release|Any CPU
		{09B562A5-E424-4612-A1CD-BB89D04BF6C7}.Release|Any CPU.Build.0 = Release|Any CPU
		{7086012C-117C-43CF-8B86-53ECD929E8B1}.Debug|Any CPU.ActiveCfg = Debug|Any CPU
		{7086012C-117C-43CF-8B86-53ECD929E8B1}.Debug|Any CPU.Build.0 = Debug|Any CPU
		{7086012C-117C-43CF-8B86-53ECD929E8B1}.Release|Any CPU.ActiveCfg = Release|Any CPU
		{7086012C-117C-43CF-8B86-53ECD929E8B1}.Release|Any CPU.Build.0 = Release|Any CPU
		{3FF55E07-458E-4669-9B78-99A754CF376D}.Debug|Any CPU.ActiveCfg = Debug|Any CPU
		{3FF55E07-458E-4669-9B78-99A754CF376D}.Debug|Any CPU.Build.0 = Debug|Any CPU
		{3FF55E07-458E-4669-9B78-99A754CF376D}.Release|Any CPU.ActiveCfg = Release|Any CPU
		{3FF55E07-458E-4669-9B78-99A754CF376D}.Release|Any CPU.Build.0 = Release|Any CPU
		{C22E8EA3-D807-460E-8A09-5975C8B278D7}.Debug|Any CPU.ActiveCfg = Debug|Any CPU
		{C22E8EA3-D807-460E-8A09-5975C8B278D7}.Debug|Any CPU.Build.0 = Debug|Any CPU
		{C22E8EA3-D807-460E-8A09-5975C8B278D7}.Release|Any CPU.ActiveCfg = Release|Any CPU
		{C22E8EA3-D807-460E-8A09-5975C8B278D7}.Release|Any CPU.Build.0 = Release|Any CPU
		{415AA5DA-194F-4FF1-9685-433EE0B300EE}.Debug|Any CPU.ActiveCfg = Debug|Any CPU
		{415AA5DA-194F-4FF1-9685-433EE0B300EE}.Debug|Any CPU.Build.0 = Debug|Any CPU
		{415AA5DA-194F-4FF1-9685-433EE0B300EE}.Release|Any CPU.ActiveCfg = Release|Any CPU
		{415AA5DA-194F-4FF1-9685-433EE0B300EE}.Release|Any CPU.Build.0 = Release|Any CPU
		{6DE59685-05FF-4BBD-BA14-5AC6F591D097}.Debug|Any CPU.ActiveCfg = Debug|Any CPU
		{6DE59685-05FF-4BBD-BA14-5AC6F591D097}.Debug|Any CPU.Build.0 = Debug|Any CPU
		{6DE59685-05FF-4BBD-BA14-5AC6F591D097}.Release|Any CPU.ActiveCfg = Release|Any CPU
		{6DE59685-05FF-4BBD-BA14-5AC6F591D097}.Release|Any CPU.Build.0 = Release|Any CPU
		{31342E52-3FDC-4A7C-80C3-CE32A97CD317}.Debug|Any CPU.ActiveCfg = Debug|Any CPU
		{31342E52-3FDC-4A7C-80C3-CE32A97CD317}.Debug|Any CPU.Build.0 = Debug|Any CPU
		{31342E52-3FDC-4A7C-80C3-CE32A97CD317}.Release|Any CPU.ActiveCfg = Release|Any CPU
		{31342E52-3FDC-4A7C-80C3-CE32A97CD317}.Release|Any CPU.Build.0 = Release|Any CPU
		{8CBB7F72-EBF0-4A3C-920E-DAD84CDE1AB8}.Debug|Any CPU.ActiveCfg = Debug|Any CPU
		{8CBB7F72-EBF0-4A3C-920E-DAD84CDE1AB8}.Debug|Any CPU.Build.0 = Debug|Any CPU
		{8CBB7F72-EBF0-4A3C-920E-DAD84CDE1AB8}.Release|Any CPU.ActiveCfg = Release|Any CPU
		{8CBB7F72-EBF0-4A3C-920E-DAD84CDE1AB8}.Release|Any CPU.Build.0 = Release|Any CPU
		{8C2B5B94-A3C3-487D-8897-79FEA3E3C5FA}.Debug|Any CPU.ActiveCfg = Debug|Any CPU
		{8C2B5B94-A3C3-487D-8897-79FEA3E3C5FA}.Debug|Any CPU.Build.0 = Debug|Any CPU
		{8C2B5B94-A3C3-487D-8897-79FEA3E3C5FA}.Release|Any CPU.ActiveCfg = Release|Any CPU
		{8C2B5B94-A3C3-487D-8897-79FEA3E3C5FA}.Release|Any CPU.Build.0 = Release|Any CPU
		{BA5490E0-7215-41F9-8811-C66A2EB43AB7}.Debug|Any CPU.ActiveCfg = Debug|Any CPU
		{BA5490E0-7215-41F9-8811-C66A2EB43AB7}.Debug|Any CPU.Build.0 = Debug|Any CPU
		{BA5490E0-7215-41F9-8811-C66A2EB43AB7}.Release|Any CPU.ActiveCfg = Release|Any CPU
		{BA5490E0-7215-41F9-8811-C66A2EB43AB7}.Release|Any CPU.Build.0 = Release|Any CPU
		{89AFD39E-19D3-4DE7-9F67-B01B7DFFD8DE}.Debug|Any CPU.ActiveCfg = Debug|Any CPU
		{89AFD39E-19D3-4DE7-9F67-B01B7DFFD8DE}.Debug|Any CPU.Build.0 = Debug|Any CPU
		{89AFD39E-19D3-4DE7-9F67-B01B7DFFD8DE}.Release|Any CPU.ActiveCfg = Release|Any CPU
		{89AFD39E-19D3-4DE7-9F67-B01B7DFFD8DE}.Release|Any CPU.Build.0 = Release|Any CPU
		{8AAA0800-4AC7-4212-B3DC-DD0E1BDA444B}.Debug|Any CPU.ActiveCfg = Debug|Any CPU
		{8AAA0800-4AC7-4212-B3DC-DD0E1BDA444B}.Debug|Any CPU.Build.0 = Debug|Any CPU
		{8AAA0800-4AC7-4212-B3DC-DD0E1BDA444B}.Release|Any CPU.ActiveCfg = Release|Any CPU
		{8AAA0800-4AC7-4212-B3DC-DD0E1BDA444B}.Release|Any CPU.Build.0 = Release|Any CPU
		{46AC68F9-427F-488C-8BAF-9DB017C8370E}.Debug|Any CPU.ActiveCfg = Debug|Any CPU
		{46AC68F9-427F-488C-8BAF-9DB017C8370E}.Debug|Any CPU.Build.0 = Debug|Any CPU
		{46AC68F9-427F-488C-8BAF-9DB017C8370E}.Release|Any CPU.ActiveCfg = Release|Any CPU
		{46AC68F9-427F-488C-8BAF-9DB017C8370E}.Release|Any CPU.Build.0 = Release|Any CPU
		{B4110ED0-822A-4424-A692-C5E928086262}.Debug|Any CPU.ActiveCfg = Debug|Any CPU
		{B4110ED0-822A-4424-A692-C5E928086262}.Debug|Any CPU.Build.0 = Debug|Any CPU
		{B4110ED0-822A-4424-A692-C5E928086262}.Release|Any CPU.ActiveCfg = Release|Any CPU
		{B4110ED0-822A-4424-A692-C5E928086262}.Release|Any CPU.Build.0 = Release|Any CPU
		{7CDBCCEC-8777-41CF-BFA1-2DB6D5F99688}.Debug|Any CPU.ActiveCfg = Debug|Any CPU
		{7CDBCCEC-8777-41CF-BFA1-2DB6D5F99688}.Debug|Any CPU.Build.0 = Debug|Any CPU
		{7CDBCCEC-8777-41CF-BFA1-2DB6D5F99688}.Release|Any CPU.ActiveCfg = Release|Any CPU
		{7CDBCCEC-8777-41CF-BFA1-2DB6D5F99688}.Release|Any CPU.Build.0 = Release|Any CPU
		{5A681B44-6BC7-4C43-8556-A53BE5F4DA16}.Debug|Any CPU.ActiveCfg = Debug|Any CPU
		{5A681B44-6BC7-4C43-8556-A53BE5F4DA16}.Debug|Any CPU.Build.0 = Debug|Any CPU
		{5A681B44-6BC7-4C43-8556-A53BE5F4DA16}.Release|Any CPU.ActiveCfg = Release|Any CPU
		{5A681B44-6BC7-4C43-8556-A53BE5F4DA16}.Release|Any CPU.Build.0 = Release|Any CPU
		{E4EBF55C-BD40-4FBC-98E2-EA93A2517912}.Debug|Any CPU.ActiveCfg = Debug|Any CPU
		{E4EBF55C-BD40-4FBC-98E2-EA93A2517912}.Debug|Any CPU.Build.0 = Debug|Any CPU
		{E4EBF55C-BD40-4FBC-98E2-EA93A2517912}.Release|Any CPU.ActiveCfg = Release|Any CPU
		{E4EBF55C-BD40-4FBC-98E2-EA93A2517912}.Release|Any CPU.Build.0 = Release|Any CPU
		{893555F8-8968-4349-9391-48ECF7CBDAA7}.Debug|Any CPU.ActiveCfg = Debug|Any CPU
		{893555F8-8968-4349-9391-48ECF7CBDAA7}.Debug|Any CPU.Build.0 = Debug|Any CPU
		{893555F8-8968-4349-9391-48ECF7CBDAA7}.Release|Any CPU.ActiveCfg = Release|Any CPU
		{893555F8-8968-4349-9391-48ECF7CBDAA7}.Release|Any CPU.Build.0 = Release|Any CPU
		{6E4BC210-877A-4477-B32A-B86BF687DA70}.Debug|Any CPU.ActiveCfg = Debug|Any CPU
		{6E4BC210-877A-4477-B32A-B86BF687DA70}.Debug|Any CPU.Build.0 = Debug|Any CPU
		{6E4BC210-877A-4477-B32A-B86BF687DA70}.Release|Any CPU.ActiveCfg = Release|Any CPU
		{6E4BC210-877A-4477-B32A-B86BF687DA70}.Release|Any CPU.Build.0 = Release|Any CPU
		{FE57A4C0-83BD-43D5-B7C6-E6E54829825D}.Debug|Any CPU.ActiveCfg = Debug|Any CPU
		{FE57A4C0-83BD-43D5-B7C6-E6E54829825D}.Debug|Any CPU.Build.0 = Debug|Any CPU
		{FE57A4C0-83BD-43D5-B7C6-E6E54829825D}.Release|Any CPU.ActiveCfg = Release|Any CPU
		{FE57A4C0-83BD-43D5-B7C6-E6E54829825D}.Release|Any CPU.Build.0 = Release|Any CPU
		{94B6E54D-6768-4FC2-B1B0-5E494A59B44E}.Debug|Any CPU.ActiveCfg = Debug|Any CPU
		{94B6E54D-6768-4FC2-B1B0-5E494A59B44E}.Debug|Any CPU.Build.0 = Debug|Any CPU
		{94B6E54D-6768-4FC2-B1B0-5E494A59B44E}.Release|Any CPU.ActiveCfg = Release|Any CPU
		{94B6E54D-6768-4FC2-B1B0-5E494A59B44E}.Release|Any CPU.Build.0 = Release|Any CPU
		{17011D5F-38B3-481F-A4EB-7377D108106F}.Debug|Any CPU.ActiveCfg = Debug|Any CPU
		{17011D5F-38B3-481F-A4EB-7377D108106F}.Debug|Any CPU.Build.0 = Debug|Any CPU
		{17011D5F-38B3-481F-A4EB-7377D108106F}.Release|Any CPU.ActiveCfg = Release|Any CPU
		{17011D5F-38B3-481F-A4EB-7377D108106F}.Release|Any CPU.Build.0 = Release|Any CPU
		{96022030-8643-49EE-A844-99FF0C2FC006}.Debug|Any CPU.ActiveCfg = Debug|Any CPU
		{96022030-8643-49EE-A844-99FF0C2FC006}.Debug|Any CPU.Build.0 = Debug|Any CPU
		{96022030-8643-49EE-A844-99FF0C2FC006}.Release|Any CPU.ActiveCfg = Release|Any CPU
		{96022030-8643-49EE-A844-99FF0C2FC006}.Release|Any CPU.Build.0 = Release|Any CPU
		{B2C109D1-E4DA-43F9-A4FB-DD0056A0E2A8}.Debug|Any CPU.ActiveCfg = Debug|Any CPU
		{B2C109D1-E4DA-43F9-A4FB-DD0056A0E2A8}.Debug|Any CPU.Build.0 = Debug|Any CPU
		{B2C109D1-E4DA-43F9-A4FB-DD0056A0E2A8}.Release|Any CPU.ActiveCfg = Release|Any CPU
		{B2C109D1-E4DA-43F9-A4FB-DD0056A0E2A8}.Release|Any CPU.Build.0 = Release|Any CPU
		{4C8361C5-05C3-4DEE-A82B-BCF45A59C4DA}.Debug|Any CPU.ActiveCfg = Debug|Any CPU
		{4C8361C5-05C3-4DEE-A82B-BCF45A59C4DA}.Debug|Any CPU.Build.0 = Debug|Any CPU
		{4C8361C5-05C3-4DEE-A82B-BCF45A59C4DA}.Release|Any CPU.ActiveCfg = Release|Any CPU
		{4C8361C5-05C3-4DEE-A82B-BCF45A59C4DA}.Release|Any CPU.Build.0 = Release|Any CPU
		{1B8EBFA3-C3F2-4595-9C97-77AFA659A619}.Debug|Any CPU.ActiveCfg = Debug|Any CPU
		{1B8EBFA3-C3F2-4595-9C97-77AFA659A619}.Debug|Any CPU.Build.0 = Debug|Any CPU
		{1B8EBFA3-C3F2-4595-9C97-77AFA659A619}.Release|Any CPU.ActiveCfg = Release|Any CPU
		{1B8EBFA3-C3F2-4595-9C97-77AFA659A619}.Release|Any CPU.Build.0 = Release|Any CPU
		{C3C946D7-6F57-4B8E-BA1F-D979B8FF4A94}.Debug|Any CPU.ActiveCfg = Debug|Any CPU
		{C3C946D7-6F57-4B8E-BA1F-D979B8FF4A94}.Debug|Any CPU.Build.0 = Debug|Any CPU
		{C3C946D7-6F57-4B8E-BA1F-D979B8FF4A94}.Release|Any CPU.ActiveCfg = Release|Any CPU
		{C3C946D7-6F57-4B8E-BA1F-D979B8FF4A94}.Release|Any CPU.Build.0 = Release|Any CPU
		{F796B501-11AC-4BAC-891B-07C901C86683}.Debug|Any CPU.ActiveCfg = Debug|Any CPU
		{F796B501-11AC-4BAC-891B-07C901C86683}.Debug|Any CPU.Build.0 = Debug|Any CPU
		{F796B501-11AC-4BAC-891B-07C901C86683}.Release|Any CPU.ActiveCfg = Release|Any CPU
		{F796B501-11AC-4BAC-891B-07C901C86683}.Release|Any CPU.Build.0 = Release|Any CPU
		{5CC5EEB4-76C9-47D4-9B1B-547B109676C5}.Debug|Any CPU.ActiveCfg = Debug|Any CPU
		{5CC5EEB4-76C9-47D4-9B1B-547B109676C5}.Debug|Any CPU.Build.0 = Debug|Any CPU
		{5CC5EEB4-76C9-47D4-9B1B-547B109676C5}.Release|Any CPU.ActiveCfg = Release|Any CPU
		{5CC5EEB4-76C9-47D4-9B1B-547B109676C5}.Release|Any CPU.Build.0 = Release|Any CPU
		{4CFCDE7E-654B-45CF-B5C0-52FB223D0A75}.Debug|Any CPU.ActiveCfg = Debug|Any CPU
		{4CFCDE7E-654B-45CF-B5C0-52FB223D0A75}.Debug|Any CPU.Build.0 = Debug|Any CPU
		{4CFCDE7E-654B-45CF-B5C0-52FB223D0A75}.Release|Any CPU.ActiveCfg = Release|Any CPU
		{4CFCDE7E-654B-45CF-B5C0-52FB223D0A75}.Release|Any CPU.Build.0 = Release|Any CPU
		{F26E32B1-313E-46C0-81F3-4E2F057EE84A}.Debug|Any CPU.ActiveCfg = Debug|Any CPU
		{F26E32B1-313E-46C0-81F3-4E2F057EE84A}.Debug|Any CPU.Build.0 = Debug|Any CPU
		{F26E32B1-313E-46C0-81F3-4E2F057EE84A}.Release|Any CPU.ActiveCfg = Release|Any CPU
		{F26E32B1-313E-46C0-81F3-4E2F057EE84A}.Release|Any CPU.Build.0 = Release|Any CPU
		{8C76244C-2CA4-4744-9328-9222E9C06D88}.Debug|Any CPU.ActiveCfg = Debug|Any CPU
		{8C76244C-2CA4-4744-9328-9222E9C06D88}.Debug|Any CPU.Build.0 = Debug|Any CPU
		{8C76244C-2CA4-4744-9328-9222E9C06D88}.Release|Any CPU.ActiveCfg = Release|Any CPU
		{8C76244C-2CA4-4744-9328-9222E9C06D88}.Release|Any CPU.Build.0 = Release|Any CPU
		{CCD4467A-0376-40D9-A5E9-1C51532BFE9E}.Debug|Any CPU.ActiveCfg = Debug|Any CPU
		{CCD4467A-0376-40D9-A5E9-1C51532BFE9E}.Debug|Any CPU.Build.0 = Debug|Any CPU
		{CCD4467A-0376-40D9-A5E9-1C51532BFE9E}.Release|Any CPU.ActiveCfg = Release|Any CPU
		{CCD4467A-0376-40D9-A5E9-1C51532BFE9E}.Release|Any CPU.Build.0 = Release|Any CPU
		{CC55E4AD-3529-4E8C-8E69-C68B6BA88D45}.Debug|Any CPU.ActiveCfg = Debug|Any CPU
		{CC55E4AD-3529-4E8C-8E69-C68B6BA88D45}.Debug|Any CPU.Build.0 = Debug|Any CPU
		{CC55E4AD-3529-4E8C-8E69-C68B6BA88D45}.Release|Any CPU.ActiveCfg = Release|Any CPU
		{CC55E4AD-3529-4E8C-8E69-C68B6BA88D45}.Release|Any CPU.Build.0 = Release|Any CPU
	EndGlobalSection
	GlobalSection(SolutionProperties) = preSolution
		HideSolutionNode = FALSE
	EndGlobalSection
	GlobalSection(ExtensibilityGlobals) = postSolution
		SolutionGuid = {04AA3AC1-72B0-4BDC-8311-1841D074ED83}
	EndGlobalSection
EndGlobal
