
Microsoft Visual Studio Solution File, Format Version 12.00
# Visual Studio Version 17
VisualStudioVersion = 17.9.34728.123
MinimumVisualStudioVersion = 10.0.40219.1
Project("{9A19103F-16F7-4668-BE54-9A1E7A4F7556}") = "yandexcup.algorithms.2024.2", "yandexcup.algorithms.2024.2.csproj", "{31612050-1874-400D-8550-F561A40D5CDD}"
EndProject
Global
	GlobalSection(SolutionConfigurationPlatforms) = preSolution
		Debug|Any CPU = Debug|Any CPU
		Release|Any CPU = Release|Any CPU
	EndGlobalSection
	GlobalSection(ProjectConfigurationPlatforms) = postSolution
		{31612050-1874-400D-8550-F561A40D5CDD}.Debug|Any CPU.ActiveCfg = Debug|Any CPU
		{31612050-1874-400D-8550-F561A40D5CDD}.Debug|Any CPU.Build.0 = Debug|Any CPU
		{31612050-1874-400D-8550-F561A40D5CDD}.Release|Any CPU.ActiveCfg = Release|Any CPU
		{31612050-1874-400D-8550-F561A40D5CDD}.Release|Any CPU.Build.0 = Release|Any CPU
	EndGlobalSection
	GlobalSection(SolutionProperties) = preSolution
		HideSolutionNode = FALSE
	EndGlobalSection
	GlobalSection(ExtensibilityGlobals) = postSolution
		SolutionGuid = {18D195CB-AFB9-40B2-BBC9-1699AE7E097A}
	EndGlobalSection
EndGlobal
