
Microsoft Visual Studio Solution File, Format Version 12.00
# Visual Studio Version 17
VisualStudioVersion = 17.9.34728.123
MinimumVisualStudioVersion = 10.0.40219.1
Project("{9A19103F-16F7-4668-BE54-9A1E7A4F7556}") = "yandexcup.backend.2024.1", "yandexcup.backend.2024.1.csproj", "{CC6CB56A-A34D-4657-AF98-64DA3C0F3F8E}"
EndProject
Global
	GlobalSection(SolutionConfigurationPlatforms) = preSolution
		Debug|Any CPU = Debug|Any CPU
		Release|Any CPU = Release|Any CPU
	EndGlobalSection
	GlobalSection(ProjectConfigurationPlatforms) = postSolution
		{CC6CB56A-A34D-4657-AF98-64DA3C0F3F8E}.Debug|Any CPU.ActiveCfg = Debug|Any CPU
		{CC6CB56A-A34D-4657-AF98-64DA3C0F3F8E}.Debug|Any CPU.Build.0 = Debug|Any CPU
		{CC6CB56A-A34D-4657-AF98-64DA3C0F3F8E}.Release|Any CPU.ActiveCfg = Release|Any CPU
		{CC6CB56A-A34D-4657-AF98-64DA3C0F3F8E}.Release|Any CPU.Build.0 = Release|Any CPU
	EndGlobalSection
	GlobalSection(SolutionProperties) = preSolution
		HideSolutionNode = FALSE
	EndGlobalSection
	GlobalSection(ExtensibilityGlobals) = postSolution
		SolutionGuid = {7201B41A-0F71-477E-9193-4C81D85E38A3}
	EndGlobalSection
EndGlobal
