
Microsoft Visual Studio Solution File, Format Version 12.00
# Visual Studio Version 17
VisualStudioVersion = 17.9.34728.123
MinimumVisualStudioVersion = 10.0.40219.1
Project("{9A19103F-16F7-4668-BE54-9A1E7A4F7556}") = "yandexcup.backend.2024.3", "yandexcup.backend.2024.3.csproj", "{5ADCA465-FEFE-4EC5-93F5-A61EFAD8732E}"
EndProject
Global
	GlobalSection(SolutionConfigurationPlatforms) = preSolution
		Debug|Any CPU = Debug|Any CPU
		Release|Any CPU = Release|Any CPU
	EndGlobalSection
	GlobalSection(ProjectConfigurationPlatforms) = postSolution
		{5ADCA465-FEFE-4EC5-93F5-A61EFAD8732E}.Debug|Any CPU.ActiveCfg = Debug|Any CPU
		{5ADCA465-FEFE-4EC5-93F5-A61EFAD8732E}.Debug|Any CPU.Build.0 = Debug|Any CPU
		{5ADCA465-FEFE-4EC5-93F5-A61EFAD8732E}.Release|Any CPU.ActiveCfg = Release|Any CPU
		{5ADCA465-FEFE-4EC5-93F5-A61EFAD8732E}.Release|Any CPU.Build.0 = Release|Any CPU
	EndGlobalSection
	GlobalSection(SolutionProperties) = preSolution
		HideSolutionNode = FALSE
	EndGlobalSection
	GlobalSection(ExtensibilityGlobals) = postSolution
		SolutionGuid = {1470C700-F0E4-44F3-B0EF-18B81695CB4A}
	EndGlobalSection
EndGlobal
