
Microsoft Visual Studio Solution File, Format Version 12.00
# Visual Studio Version 17
VisualStudioVersion = 17.9.34728.123
MinimumVisualStudioVersion = 10.0.40219.1
Project("{9A19103F-16F7-4668-BE54-9A1E7A4F7556}") = "yandexcup.final.2024.5", "yandexcup.final.2024.5.csproj", "{DE76B41D-1131-401B-AE40-543F2FCA98B6}"
EndProject
Global
	GlobalSection(SolutionConfigurationPlatforms) = preSolution
		Debug|Any CPU = Debug|Any CPU
		Release|Any CPU = Release|Any CPU
	EndGlobalSection
	GlobalSection(ProjectConfigurationPlatforms) = postSolution
		{DE76B41D-1131-401B-AE40-543F2FCA98B6}.Debug|Any CPU.ActiveCfg = Debug|Any CPU
		{DE76B41D-1131-401B-AE40-543F2FCA98B6}.Debug|Any CPU.Build.0 = Debug|Any CPU
		{DE76B41D-1131-401B-AE40-543F2FCA98B6}.Release|Any CPU.ActiveCfg = Release|Any CPU
		{DE76B41D-1131-401B-AE40-543F2FCA98B6}.Release|Any CPU.Build.0 = Release|Any CPU
	EndGlobalSection
	GlobalSection(SolutionProperties) = preSolution
		HideSolutionNode = FALSE
	EndGlobalSection
	GlobalSection(ExtensibilityGlobals) = postSolution
		SolutionGuid = {58944CA5-F821-4C33-810A-603E7E25E95E}
	EndGlobalSection
EndGlobal
